// !$*UTF8*$!
{
	archiveVersion = 1;
	classes = {
	};
	objectVersion = 45;
	objects = {

/* Begin PBXBuildFile section */
		2F7446C30DB6CCE400F9684A /* MainMenu.xib in Resources */ = {isa = PBXBuildFile; fileRef = 2F7446BF0DB6CCE400F9684A /* MainMenu.xib */; };
		2F7446C40DB6CCE400F9684A /* MainWindow.xib in Resources */ = {isa = PBXBuildFile; fileRef = 2F7446C10DB6CCE400F9684A /* MainWindow.xib */; };
		3A1722EF10C97DF8007E7EE3 /* TrialWindow.xib in Resources */ = {isa = PBXBuildFile; fileRef = 3A1722EE10C97DF8007E7EE3 /* TrialWindow.xib */; };
		3A17230310CA6F59007E7EE3 /* TrialWindowController.m in Sources */ = {isa = PBXBuildFile; fileRef = 3A17230210CA6F59007E7EE3 /* TrialWindowController.m */; };
		3A250CAA11009B2200A8B674 /* SCTcpServer in CopyFiles */ = {isa = PBXBuildFile; fileRef = 3A8C8DB310F76D42007680DF /* SCTcpServer */; };
		3A250CBC1100B17800A8B674 /* LicenseInstallController.m in Sources */ = {isa = PBXBuildFile; fileRef = 3A250CBB1100B17800A8B674 /* LicenseInstallController.m */; };
		3A5500B210B6B67E001B095C /* SmtpConnection.m in Sources */ = {isa = PBXBuildFile; fileRef = 3A5500B110B6B67E001B095C /* SmtpConnection.m */; };
		3A5500B510B6BEA0001B095C /* SmtpSession.m in Sources */ = {isa = PBXBuildFile; fileRef = 3A5500B410B6BEA0001B095C /* SmtpSession.m */; };
		3A5500B810B6DE96001B095C /* SmtpSessionState.m in Sources */ = {isa = PBXBuildFile; fileRef = 3A5500B710B6DE96001B095C /* SmtpSessionState.m */; };
		3A550C0710BC2F6B001B095C /* SegmentController.m in Sources */ = {isa = PBXBuildFile; fileRef = 3A550C0610BC2F6B001B095C /* SegmentController.m */; };
		3A550CB510BE7496001B095C /* DocumentController.m in Sources */ = {isa = PBXBuildFile; fileRef = 3A550CB410BE7496001B095C /* DocumentController.m */; };
		3A550D5210BE9F8D001B095C /* MainWindowController.m in Sources */ = {isa = PBXBuildFile; fileRef = 3A550D5110BE9F8D001B095C /* MainWindowController.m */; };
		3A55F5FD10ADA9F1001B095C /* Message.m in Sources */ = {isa = PBXBuildFile; fileRef = 3A55F5FC10ADA9F1001B095C /* Message.m */; };
		3A55F84310B30ECE001B095C /* WebViewController.m in Sources */ = {isa = PBXBuildFile; fileRef = 3A55F84210B30ECE001B095C /* WebViewController.m */; };
		3A55FA4710B41C1D001B095C /* OutlineViewController.m in Sources */ = {isa = PBXBuildFile; fileRef = 3A55FA4610B41C1D001B095C /* OutlineViewController.m */; };
		3A55FA4A10B41C2B001B095C /* TableViewController.m in Sources */ = {isa = PBXBuildFile; fileRef = 3A55FA4910B41C2B001B095C /* TableViewController.m */; };
		3A55FCBD10B459FC001B095C /* TableView.m in Sources */ = {isa = PBXBuildFile; fileRef = 3A55FCBC10B459FC001B095C /* TableView.m */; };
		3A55FD8310B47491001B095C /* OutlineView.m in Sources */ = {isa = PBXBuildFile; fileRef = 3A55FD8210B47491001B095C /* OutlineView.m */; };
		3A55FF0710B570F9001B095C /* TcpServer.m in Sources */ = {isa = PBXBuildFile; fileRef = 3A55FF0610B570F9001B095C /* TcpServer.m */; };
		3A55FF3D10B582C8001B095C /* SmtpServer.m in Sources */ = {isa = PBXBuildFile; fileRef = 3A55FF3C10B582C8001B095C /* SmtpServer.m */; };
		3A55FF5310B59DC3001B095C /* ServerController.m in Sources */ = {isa = PBXBuildFile; fileRef = 3A55FF5210B59DC3001B095C /* ServerController.m */; };
		3A8C89A910F3A3F1007680DF /* NSFileManager+Extensions.m in Sources */ = {isa = PBXBuildFile; fileRef = 3A8C89A810F3A3F1007680DF /* NSFileManager+Extensions.m */; };
		3A8C8A0110F4C85A007680DF /* SoftwareUpdateController.m in Sources */ = {isa = PBXBuildFile; fileRef = 3A8C8A0010F4C85A007680DF /* SoftwareUpdateController.m */; };
		3A8C8A5210F4DC21007680DF /* NSObject+SBJSON.m in Sources */ = {isa = PBXBuildFile; fileRef = 3A8C8A4710F4DC21007680DF /* NSObject+SBJSON.m */; };
		3A8C8A5310F4DC21007680DF /* NSString+SBJSON.m in Sources */ = {isa = PBXBuildFile; fileRef = 3A8C8A4910F4DC21007680DF /* NSString+SBJSON.m */; };
		3A8C8A5410F4DC21007680DF /* SBJSON.m in Sources */ = {isa = PBXBuildFile; fileRef = 3A8C8A4B10F4DC21007680DF /* SBJSON.m */; };
		3A8C8A5510F4DC21007680DF /* SBJsonBase.m in Sources */ = {isa = PBXBuildFile; fileRef = 3A8C8A4D10F4DC21007680DF /* SBJsonBase.m */; };
		3A8C8A5610F4DC21007680DF /* SBJsonParser.m in Sources */ = {isa = PBXBuildFile; fileRef = 3A8C8A4F10F4DC21007680DF /* SBJsonParser.m */; };
		3A8C8A5710F4DC21007680DF /* SBJsonWriter.m in Sources */ = {isa = PBXBuildFile; fileRef = 3A8C8A5110F4DC21007680DF /* SBJsonWriter.m */; };
		3A8C8AFD10F500DF007680DF /* HandCursorTextField.m in Sources */ = {isa = PBXBuildFile; fileRef = 3A8C8AFC10F500DF007680DF /* HandCursorTextField.m */; };
		3A8C8B7410F513F6007680DF /* PortNumberFormatter.m in Sources */ = {isa = PBXBuildFile; fileRef = 3A8C8B7310F513F6007680DF /* PortNumberFormatter.m */; };
		3A8C8C7D10F6262C007680DF /* LicenseController.m in Sources */ = {isa = PBXBuildFile; fileRef = 3A8C8C7C10F6262C007680DF /* LicenseController.m */; };
		3A8E102A10DFBDE800A0CFBC /* lcl.m in Sources */ = {isa = PBXBuildFile; fileRef = 3A8E102910DFBDE800A0CFBC /* lcl.m */; };
		3A8E106410DFC3C700A0CFBC /* LCLLogFile.m in Sources */ = {isa = PBXBuildFile; fileRef = 3A8E106310DFC3C700A0CFBC /* LCLLogFile.m */; };
		3A8E127B10E117FF00A0CFBC /* Security.framework in Frameworks */ = {isa = PBXBuildFile; fileRef = 3A8E127A10E117FF00A0CFBC /* Security.framework */; };
		3A8EFADA10D1364900A0CFBC /* MessagePart.m in Sources */ = {isa = PBXBuildFile; fileRef = 3A8EFAD910D1364900A0CFBC /* MessagePart.m */; };
		3A8EFADE10D1365E00A0CFBC /* MessageAttachment.m in Sources */ = {isa = PBXBuildFile; fileRef = 3A8EFADD10D1365E00A0CFBC /* MessageAttachment.m */; };
		3A8EFB3A10D1561000A0CFBC /* MessagePartTransformer.m in Sources */ = {isa = PBXBuildFile; fileRef = 3A8EFB3910D1561000A0CFBC /* MessagePartTransformer.m */; };
		3A8EFC1110D270D000A0CFBC /* clip.png in Resources */ = {isa = PBXBuildFile; fileRef = 3A8EFC1010D270D000A0CFBC /* clip.png */; };
		3A8EFC1D10D2809400A0CFBC /* MessageAttachmentTransformer.m in Sources */ = {isa = PBXBuildFile; fileRef = 3A8EFC1C10D2809400A0CFBC /* MessageAttachmentTransformer.m */; };
		3A8EFC8F10D2A03400A0CFBC /* AttachmentsController.m in Sources */ = {isa = PBXBuildFile; fileRef = 3A8EFC8E10D2A03400A0CFBC /* AttachmentsController.m */; };
		3AA8801B10D01E74000F9C5E /* icon.icns in Resources */ = {isa = PBXBuildFile; fileRef = 3AA8801A10D01E74000F9C5E /* icon.icns */; };
		3AA8806010D02198000F9C5E /* log_off.png in Resources */ = {isa = PBXBuildFile; fileRef = 3AA8805710D02198000F9C5E /* log_off.png */; };
		3AA8806110D02198000F9C5E /* log.png in Resources */ = {isa = PBXBuildFile; fileRef = 3AA8805810D02198000F9C5E /* log.png */; };
		3AA8806210D02198000F9C5E /* stop_over.png in Resources */ = {isa = PBXBuildFile; fileRef = 3AA8805910D02198000F9C5E /* stop_over.png */; };
		3AA8806310D02198000F9C5E /* stop_off.png in Resources */ = {isa = PBXBuildFile; fileRef = 3AA8805A10D02198000F9C5E /* stop_off.png */; };
		3AA8806410D02198000F9C5E /* stop.png in Resources */ = {isa = PBXBuildFile; fileRef = 3AA8805B10D02198000F9C5E /* stop.png */; };
		3AA8806510D02198000F9C5E /* log_over.png in Resources */ = {isa = PBXBuildFile; fileRef = 3AA8805C10D02198000F9C5E /* log_over.png */; };
		3AA8806610D02198000F9C5E /* play_over.png in Resources */ = {isa = PBXBuildFile; fileRef = 3AA8805D10D02198000F9C5E /* play_over.png */; };
		3AA8806710D02198000F9C5E /* play_off.png in Resources */ = {isa = PBXBuildFile; fileRef = 3AA8805E10D02198000F9C5E /* play_off.png */; };
		3AA8806810D02198000F9C5E /* play.png in Resources */ = {isa = PBXBuildFile; fileRef = 3AA8805F10D02198000F9C5E /* play.png */; };
		3ABD000710CD296D00213059 /* NSData+MIME.m in Sources */ = {isa = PBXBuildFile; fileRef = 3ABD000610CD296D00213059 /* NSData+MIME.m */; };
		3ABD000910CD298900213059 /* NSString+MessageUtils.m in Sources */ = {isa = PBXBuildFile; fileRef = 3ABD000810CD298900213059 /* NSString+MessageUtils.m */; };
		3ABD000D10CD29A600213059 /* NSCharacterSet+MIME.m in Sources */ = {isa = PBXBuildFile; fileRef = 3ABD000C10CD29A600213059 /* NSCharacterSet+MIME.m */; };
		3ABD001510CD29C700213059 /* NSCalendarDate+NetExt.m in Sources */ = {isa = PBXBuildFile; fileRef = 3ABD001410CD29C700213059 /* NSCalendarDate+NetExt.m */; };
		3ABD001D10CD29E600213059 /* NSImage+XFace.m in Sources */ = {isa = PBXBuildFile; fileRef = 3ABD001C10CD29E600213059 /* NSImage+XFace.m */; };
		3ABD003310CD2CB100213059 /* NSString+Extensions.m in Sources */ = {isa = PBXBuildFile; fileRef = 3ABD003210CD2CB100213059 /* NSString+Extensions.m */; };
		3ABD004810CD2D3900213059 /* EDObjectPair.m in Sources */ = {isa = PBXBuildFile; fileRef = 3ABD004710CD2D3900213059 /* EDObjectPair.m */; };
		3ABD004B10CD2D6C00213059 /* EDMutableObjectPair.m in Sources */ = {isa = PBXBuildFile; fileRef = 3ABD004A10CD2D6C00213059 /* EDMutableObjectPair.m */; };
		3ABD005A10CD2EAF00213059 /* EDIRCObject.m in Sources */ = {isa = PBXBuildFile; fileRef = 3ABD005910CD2EAF00213059 /* EDIRCObject.m */; };
		3ABD01E510CD35C700213059 /* EDStringScanner.m in Sources */ = {isa = PBXBuildFile; fileRef = 3ABD01E410CD35C700213059 /* EDStringScanner.m */; };
		3ABD01EA10CD36C900213059 /* useful.m in Sources */ = {isa = PBXBuildFile; fileRef = 3ABD01E910CD36C900213059 /* useful.m */; };
		3ABD01F410CD375900213059 /* NSObject+Extensions.m in Sources */ = {isa = PBXBuildFile; fileRef = 3ABD01F310CD375900213059 /* NSObject+Extensions.m */; };
		3ABD020710CD38CF00213059 /* NSArray+Extensions.m in Sources */ = {isa = PBXBuildFile; fileRef = 3ABD020610CD38CF00213059 /* NSArray+Extensions.m */; };
		3ABD020A10CD38F400213059 /* NSData+Extensions.m in Sources */ = {isa = PBXBuildFile; fileRef = 3ABD020910CD38F400213059 /* NSData+Extensions.m */; };
		3ABD020D10CD391300213059 /* NSScanner+Extensions.m in Sources */ = {isa = PBXBuildFile; fileRef = 3ABD020C10CD391300213059 /* NSScanner+Extensions.m */; };
		3ABD033B10CD718600213059 /* EDCompositeContentCoder.m in Sources */ = {isa = PBXBuildFile; fileRef = 3ABD033510CD718500213059 /* EDCompositeContentCoder.m */; };
		3ABD033C10CD718600213059 /* EDContentCoder.m in Sources */ = {isa = PBXBuildFile; fileRef = 3ABD033610CD718600213059 /* EDContentCoder.m */; };
		3ABD033D10CD718600213059 /* EDHTMLTextContentCoder.m in Sources */ = {isa = PBXBuildFile; fileRef = 3ABD033710CD718600213059 /* EDHTMLTextContentCoder.m */; };
		3ABD033E10CD718600213059 /* EDMultimediaContentCoder.m in Sources */ = {isa = PBXBuildFile; fileRef = 3ABD033810CD718600213059 /* EDMultimediaContentCoder.m */; };
		3ABD033F10CD718600213059 /* EDPlainTextContentCoder.m in Sources */ = {isa = PBXBuildFile; fileRef = 3ABD033910CD718600213059 /* EDPlainTextContentCoder.m */; };
		3ABD034010CD718600213059 /* EDTextContentCoder.m in Sources */ = {isa = PBXBuildFile; fileRef = 3ABD033A10CD718600213059 /* EDTextContentCoder.m */; };
		3ABD034810CD724300213059 /* NSString+PlainTextFlowedExtensions.m in Sources */ = {isa = PBXBuildFile; fileRef = 3ABD034710CD724300213059 /* NSString+PlainTextFlowedExtensions.m */; };
		3ABD035410CD72BE00213059 /* EDStack.m in Sources */ = {isa = PBXBuildFile; fileRef = 3ABD035310CD72BE00213059 /* EDStack.m */; };
		3ABD036F10CD739C00213059 /* NSAttributedString+Extensions.m in Sources */ = {isa = PBXBuildFile; fileRef = 3ABD036E10CD739C00213059 /* NSAttributedString+Extensions.m */; };
		3ABD07CB10CFE04500213059 /* MessageTransformer.m in Sources */ = {isa = PBXBuildFile; fileRef = 3ABD07CA10CFE04500213059 /* MessageTransformer.m */; };
		3ABDFFCE10CD271F00213059 /* EDHeaderBearingObject.m in Sources */ = {isa = PBXBuildFile; fileRef = 3ABDFFCB10CD271F00213059 /* EDHeaderBearingObject.m */; };
		3ABDFFCF10CD271F00213059 /* EDMessagePart.m in Sources */ = {isa = PBXBuildFile; fileRef = 3ABDFFCC10CD271F00213059 /* EDMessagePart.m */; };
		3ABDFFD010CD271F00213059 /* EDInternetMessage.m in Sources */ = {isa = PBXBuildFile; fileRef = 3ABDFFCD10CD271F00213059 /* EDInternetMessage.m */; };
		3ABDFFD510CD278700213059 /* EDMConstants.m in Sources */ = {isa = PBXBuildFile; fileRef = 3ABDFFD410CD278700213059 /* EDMConstants.m */; };
		3ABDFFF210CD28DB00213059 /* EDDateFieldCoder.m in Sources */ = {isa = PBXBuildFile; fileRef = 3ABDFFEC10CD28DB00213059 /* EDDateFieldCoder.m */; };
		3ABDFFF310CD28DB00213059 /* EDEntityFieldCoder.m in Sources */ = {isa = PBXBuildFile; fileRef = 3ABDFFED10CD28DB00213059 /* EDEntityFieldCoder.m */; };
		3ABDFFF410CD28DB00213059 /* EDFaceFieldCoder.m in Sources */ = {isa = PBXBuildFile; fileRef = 3ABDFFEE10CD28DB00213059 /* EDFaceFieldCoder.m */; };
		3ABDFFF510CD28DB00213059 /* EDHeaderFieldCoder.m in Sources */ = {isa = PBXBuildFile; fileRef = 3ABDFFEF10CD28DB00213059 /* EDHeaderFieldCoder.m */; };
		3ABDFFF610CD28DB00213059 /* EDIdListFieldCoder.m in Sources */ = {isa = PBXBuildFile; fileRef = 3ABDFFF010CD28DB00213059 /* EDIdListFieldCoder.m */; };
		3ABDFFF710CD28DB00213059 /* EDTextFieldCoder.m in Sources */ = {isa = PBXBuildFile; fileRef = 3ABDFFF110CD28DB00213059 /* EDTextFieldCoder.m */; };
		3ABDFFF910CD28F900213059 /* parsedate.y in Sources */ = {isa = PBXBuildFile; fileRef = 3ABDFFF810CD28F900213059 /* parsedate.y */; };
		3ABE013710C42ECB007A2C9D /* PreferencesController.m in Sources */ = {isa = PBXBuildFile; fileRef = 3ABE013610C42ECB007A2C9D /* PreferencesController.m */; };
		3ABE08CD10C84F9B007A2C9D /* Info.plist in Resources */ = {isa = PBXBuildFile; fileRef = 8D15AC360486D014006FF6A4 /* Info.plist */; };
		3ADBCF8610AB168B006C9DBE /* Folder.m in Sources */ = {isa = PBXBuildFile; fileRef = 3ADBCF8510AB168B006C9DBE /* Folder.m */; };
		3ADBCFCF10AC6C63006C9DBE /* CenteredTextFieldCell.m in Sources */ = {isa = PBXBuildFile; fileRef = 3ADBCFCE10AC6C63006C9DBE /* CenteredTextFieldCell.m */; };
		3ADBCFD210AC6C96006C9DBE /* WebKit.framework in Frameworks */ = {isa = PBXBuildFile; fileRef = 3ADBCFD110AC6C96006C9DBE /* WebKit.framework */; };
		3ADBD00B10AC7C42006C9DBE /* Server.m in Sources */ = {isa = PBXBuildFile; fileRef = 3ADBD00A10AC7C42006C9DBE /* Server.m */; };
		3ADBD03910AC814E006C9DBE /* User.m in Sources */ = {isa = PBXBuildFile; fileRef = 3ADBD03810AC814E006C9DBE /* User.m */; };
		514E9E12081EC6B8009B8CD9 /* GetMetadataForFile.c in Sources */ = {isa = PBXBuildFile; fileRef = 514E9E10081EC6B8009B8CD9 /* GetMetadataForFile.c */; };
		514E9E13081EC6B8009B8CD9 /* main.c in Sources */ = {isa = PBXBuildFile; fileRef = 514E9E11081EC6B8009B8CD9 /* main.c */; };
		514E9E2E081EC793009B8CD9 /* CoreServices.framework in Frameworks */ = {isa = PBXBuildFile; fileRef = 514E9E2D081EC793009B8CD9 /* CoreServices.framework */; };
		514EA010081EC7AA009B8CD9 /* Foundation.framework in Frameworks */ = {isa = PBXBuildFile; fileRef = 2A37F4C5FDCFA73011CA2CEA /* Foundation.framework */; };
		514EA011081EC7AB009B8CD9 /* CoreData.framework in Frameworks */ = {isa = PBXBuildFile; fileRef = 7788DA0506752A1600599AAD /* CoreData.framework */; };
		514EA015081EC7C3009B8CD9 /* CoreFoundation.framework in Frameworks */ = {isa = PBXBuildFile; fileRef = 514EA014081EC7C3009B8CD9 /* CoreFoundation.framework */; };
		514EA082081ECB54009B8CD9 /* MockSmtp.mdimporter in CopyFiles */ = {isa = PBXBuildFile; fileRef = 514E9DF9081EBF9C009B8CD9 /* MockSmtp.mdimporter */; };
		775BDEF1067A8BF0009058FE /* Document.xcdatamodel in Sources */ = {isa = PBXBuildFile; fileRef = 775BDEF0067A8BF0009058FE /* Document.xcdatamodel */; };
		775DFF38067A968500C5B868 /* Cocoa.framework in Frameworks */ = {isa = PBXBuildFile; fileRef = 1058C7A7FEA54F5311CA2CBB /* Cocoa.framework */; };
		8D15AC2C0486D014006FF6A4 /* Credits.rtf in Resources */ = {isa = PBXBuildFile; fileRef = 2A37F4B9FDCFA73011CA2CEA /* Credits.rtf */; };
		8D15AC2F0486D014006FF6A4 /* InfoPlist.strings in Resources */ = {isa = PBXBuildFile; fileRef = 089C165FFE840EACC02AAC07 /* InfoPlist.strings */; };
		8D15AC310486D014006FF6A4 /* Document.m in Sources */ = {isa = PBXBuildFile; fileRef = 2A37F4ACFDCFA73011CA2CEA /* Document.m */; settings = {ATTRIBUTES = (); }; };
		8D15AC320486D014006FF6A4 /* main.m in Sources */ = {isa = PBXBuildFile; fileRef = 2A37F4B0FDCFA73011CA2CEA /* main.m */; settings = {ATTRIBUTES = (); }; };
/* End PBXBuildFile section */

/* Begin PBXContainerItemProxy section */
		3A250C99110099E100A8B674 /* PBXContainerItemProxy */ = {
			isa = PBXContainerItemProxy;
			containerPortal = 3A6F7DE610E274F400FCCF2F /* SCTcpServer.xcodeproj */;
			proxyType = 1;
			remoteGlobalIDString = 8DD76F960486AA7600D96B5E /* SCTcpServer */;
			remoteInfo = SCTcpServer;
		};
		3A8C8DB210F76D42007680DF /* PBXContainerItemProxy */ = {
			isa = PBXContainerItemProxy;
			containerPortal = 3A6F7DE610E274F400FCCF2F /* SCTcpServer.xcodeproj */;
			proxyType = 2;
			remoteGlobalIDString = 8DD76FA10486AA7600D96B5E;
			remoteInfo = SCTcpServer;
		};
		514EA066081EC8BF009B8CD9 /* PBXContainerItemProxy */ = {
			isa = PBXContainerItemProxy;
			containerPortal = 2A37F4A9FDCFA73011CA2CEA /* Project object */;
			proxyType = 1;
			remoteGlobalIDString = 514E9DF8081EBF9C009B8CD9;
			remoteInfo = "MockSmtp Spotlight Importer";
		};
/* End PBXContainerItemProxy section */

/* Begin PBXCopyFilesBuildPhase section */
		3A5505B310BC0E30001B095C /* CopyFiles */ = {
			isa = PBXCopyFilesBuildPhase;
			buildActionMask = 2147483647;
			dstPath = "";
			dstSubfolderSpec = 6;
			files = (
				3A250CAA11009B2200A8B674 /* SCTcpServer in CopyFiles */,
			);
			runOnlyForDeploymentPostprocessing = 0;
		};
		514EA07C081ECB3F009B8CD9 /* CopyFiles */ = {
			isa = PBXCopyFilesBuildPhase;
			buildActionMask = 2147483647;
			dstPath = ../Library/Spotlight;
			dstSubfolderSpec = 7;
			files = (
				514EA082081ECB54009B8CD9 /* MockSmtp.mdimporter in CopyFiles */,
			);
			runOnlyForDeploymentPostprocessing = 0;
		};
/* End PBXCopyFilesBuildPhase section */

/* Begin PBXFileReference section */
		089C1660FE840EACC02AAC07 /* English */ = {isa = PBXFileReference; fileEncoding = 10; lastKnownFileType = text.plist.strings; name = English; path = English.lproj/InfoPlist.strings; sourceTree = "<group>"; };
		1058C7A7FEA54F5311CA2CBB /* Cocoa.framework */ = {isa = PBXFileReference; lastKnownFileType = wrapper.framework; name = Cocoa.framework; path = /System/Library/Frameworks/Cocoa.framework; sourceTree = "<absolute>"; };
		2A37F4ACFDCFA73011CA2CEA /* Document.m */ = {isa = PBXFileReference; fileEncoding = 4; lastKnownFileType = sourcecode.c.objc; path = Document.m; sourceTree = "<group>"; };
		2A37F4AEFDCFA73011CA2CEA /* Document.h */ = {isa = PBXFileReference; fileEncoding = 4; lastKnownFileType = sourcecode.c.h; path = Document.h; sourceTree = "<group>"; };
		2A37F4B0FDCFA73011CA2CEA /* main.m */ = {isa = PBXFileReference; fileEncoding = 4; lastKnownFileType = sourcecode.c.objc; path = main.m; sourceTree = "<group>"; };
		2A37F4BAFDCFA73011CA2CEA /* English */ = {isa = PBXFileReference; lastKnownFileType = text.rtf; name = English; path = English.lproj/Credits.rtf; sourceTree = "<group>"; };
		2A37F4C4FDCFA73011CA2CEA /* AppKit.framework */ = {isa = PBXFileReference; lastKnownFileType = wrapper.framework; name = AppKit.framework; path = /System/Library/Frameworks/AppKit.framework; sourceTree = "<absolute>"; };
		2A37F4C5FDCFA73011CA2CEA /* Foundation.framework */ = {isa = PBXFileReference; lastKnownFileType = wrapper.framework; name = Foundation.framework; path = /System/Library/Frameworks/Foundation.framework; sourceTree = "<absolute>"; };
		2F7446C00DB6CCE400F9684A /* English */ = {isa = PBXFileReference; lastKnownFileType = file.xib; name = English; path = English.lproj/MainMenu.xib; sourceTree = "<group>"; };
		2F7446C20DB6CCE400F9684A /* English */ = {isa = PBXFileReference; lastKnownFileType = file.xib; name = English; path = English.lproj/MainWindow.xib; sourceTree = "<group>"; };
		32DBCF750370BD2300C91783 /* MockSmtp_Prefix.pch */ = {isa = PBXFileReference; fileEncoding = 4; lastKnownFileType = sourcecode.c.h; path = MockSmtp_Prefix.pch; sourceTree = "<group>"; };
		3A1722EE10C97DF8007E7EE3 /* TrialWindow.xib */ = {isa = PBXFileReference; lastKnownFileType = file.xib; path = TrialWindow.xib; sourceTree = "<group>"; };
		3A17230110CA6F59007E7EE3 /* TrialWindowController.h */ = {isa = PBXFileReference; fileEncoding = 4; lastKnownFileType = sourcecode.c.h; path = TrialWindowController.h; sourceTree = "<group>"; };
		3A17230210CA6F59007E7EE3 /* TrialWindowController.m */ = {isa = PBXFileReference; fileEncoding = 4; lastKnownFileType = sourcecode.c.objc; path = TrialWindowController.m; sourceTree = "<group>"; };
		3A250CBA1100B17800A8B674 /* LicenseInstallController.h */ = {isa = PBXFileReference; fileEncoding = 4; lastKnownFileType = sourcecode.c.h; path = LicenseInstallController.h; sourceTree = "<group>"; };
		3A250CBB1100B17800A8B674 /* LicenseInstallController.m */ = {isa = PBXFileReference; fileEncoding = 4; lastKnownFileType = sourcecode.c.objc; path = LicenseInstallController.m; sourceTree = "<group>"; };
		3A5500B010B6B67E001B095C /* SmtpConnection.h */ = {isa = PBXFileReference; fileEncoding = 4; lastKnownFileType = sourcecode.c.h; path = SmtpConnection.h; sourceTree = "<group>"; };
		3A5500B110B6B67E001B095C /* SmtpConnection.m */ = {isa = PBXFileReference; fileEncoding = 4; lastKnownFileType = sourcecode.c.objc; path = SmtpConnection.m; sourceTree = "<group>"; };
		3A5500B310B6BEA0001B095C /* SmtpSession.h */ = {isa = PBXFileReference; fileEncoding = 4; lastKnownFileType = sourcecode.c.h; path = SmtpSession.h; sourceTree = "<group>"; };
		3A5500B410B6BEA0001B095C /* SmtpSession.m */ = {isa = PBXFileReference; fileEncoding = 4; lastKnownFileType = sourcecode.c.objc; path = SmtpSession.m; sourceTree = "<group>"; };
		3A5500B610B6DE96001B095C /* SmtpSessionState.h */ = {isa = PBXFileReference; fileEncoding = 4; lastKnownFileType = sourcecode.c.h; path = SmtpSessionState.h; sourceTree = "<group>"; };
		3A5500B710B6DE96001B095C /* SmtpSessionState.m */ = {isa = PBXFileReference; fileEncoding = 4; lastKnownFileType = sourcecode.c.objc; path = SmtpSessionState.m; sourceTree = "<group>"; };
		3A550C0510BC2F6B001B095C /* SegmentController.h */ = {isa = PBXFileReference; fileEncoding = 4; lastKnownFileType = sourcecode.c.h; path = SegmentController.h; sourceTree = "<group>"; };
		3A550C0610BC2F6B001B095C /* SegmentController.m */ = {isa = PBXFileReference; fileEncoding = 4; lastKnownFileType = sourcecode.c.objc; path = SegmentController.m; sourceTree = "<group>"; };
		3A550CB310BE7496001B095C /* DocumentController.h */ = {isa = PBXFileReference; fileEncoding = 4; lastKnownFileType = sourcecode.c.h; path = DocumentController.h; sourceTree = "<group>"; };
		3A550CB410BE7496001B095C /* DocumentController.m */ = {isa = PBXFileReference; fileEncoding = 4; lastKnownFileType = sourcecode.c.objc; path = DocumentController.m; sourceTree = "<group>"; };
		3A550D5010BE9F8D001B095C /* MainWindowController.h */ = {isa = PBXFileReference; fileEncoding = 4; lastKnownFileType = sourcecode.c.h; path = MainWindowController.h; sourceTree = "<group>"; };
		3A550D5110BE9F8D001B095C /* MainWindowController.m */ = {isa = PBXFileReference; fileEncoding = 4; lastKnownFileType = sourcecode.c.objc; path = MainWindowController.m; sourceTree = "<group>"; };
		3A55F5FB10ADA9F1001B095C /* Message.h */ = {isa = PBXFileReference; fileEncoding = 4; lastKnownFileType = sourcecode.c.h; path = Message.h; sourceTree = "<group>"; };
		3A55F5FC10ADA9F1001B095C /* Message.m */ = {isa = PBXFileReference; fileEncoding = 4; lastKnownFileType = sourcecode.c.objc; path = Message.m; sourceTree = "<group>"; };
		3A55F84110B30ECE001B095C /* WebViewController.h */ = {isa = PBXFileReference; fileEncoding = 4; lastKnownFileType = sourcecode.c.h; path = WebViewController.h; sourceTree = "<group>"; };
		3A55F84210B30ECE001B095C /* WebViewController.m */ = {isa = PBXFileReference; fileEncoding = 4; lastKnownFileType = sourcecode.c.objc; path = WebViewController.m; sourceTree = "<group>"; };
		3A55FA4510B41C1D001B095C /* OutlineViewController.h */ = {isa = PBXFileReference; fileEncoding = 4; lastKnownFileType = sourcecode.c.h; path = OutlineViewController.h; sourceTree = "<group>"; };
		3A55FA4610B41C1D001B095C /* OutlineViewController.m */ = {isa = PBXFileReference; fileEncoding = 4; lastKnownFileType = sourcecode.c.objc; path = OutlineViewController.m; sourceTree = "<group>"; };
		3A55FA4810B41C2B001B095C /* TableViewController.h */ = {isa = PBXFileReference; fileEncoding = 4; lastKnownFileType = sourcecode.c.h; path = TableViewController.h; sourceTree = "<group>"; };
		3A55FA4910B41C2B001B095C /* TableViewController.m */ = {isa = PBXFileReference; fileEncoding = 4; lastKnownFileType = sourcecode.c.objc; path = TableViewController.m; sourceTree = "<group>"; };
		3A55FCBB10B459FC001B095C /* TableView.h */ = {isa = PBXFileReference; fileEncoding = 4; lastKnownFileType = sourcecode.c.h; path = TableView.h; sourceTree = "<group>"; };
		3A55FCBC10B459FC001B095C /* TableView.m */ = {isa = PBXFileReference; fileEncoding = 4; lastKnownFileType = sourcecode.c.objc; path = TableView.m; sourceTree = "<group>"; };
		3A55FD8110B47491001B095C /* OutlineView.h */ = {isa = PBXFileReference; fileEncoding = 4; lastKnownFileType = sourcecode.c.h; path = OutlineView.h; sourceTree = "<group>"; };
		3A55FD8210B47491001B095C /* OutlineView.m */ = {isa = PBXFileReference; fileEncoding = 4; lastKnownFileType = sourcecode.c.objc; path = OutlineView.m; sourceTree = "<group>"; };
		3A55FF0510B570F9001B095C /* TcpServer.h */ = {isa = PBXFileReference; fileEncoding = 4; lastKnownFileType = sourcecode.c.h; path = TcpServer.h; sourceTree = "<group>"; };
		3A55FF0610B570F9001B095C /* TcpServer.m */ = {isa = PBXFileReference; fileEncoding = 4; lastKnownFileType = sourcecode.c.objc; path = TcpServer.m; sourceTree = "<group>"; };
		3A55FF3B10B582C8001B095C /* SmtpServer.h */ = {isa = PBXFileReference; fileEncoding = 4; lastKnownFileType = sourcecode.c.h; path = SmtpServer.h; sourceTree = "<group>"; };
		3A55FF3C10B582C8001B095C /* SmtpServer.m */ = {isa = PBXFileReference; fileEncoding = 4; lastKnownFileType = sourcecode.c.objc; path = SmtpServer.m; sourceTree = "<group>"; };
		3A55FF5110B59DC3001B095C /* ServerController.h */ = {isa = PBXFileReference; fileEncoding = 4; lastKnownFileType = sourcecode.c.h; path = ServerController.h; sourceTree = "<group>"; };
		3A55FF5210B59DC3001B095C /* ServerController.m */ = {isa = PBXFileReference; fileEncoding = 4; lastKnownFileType = sourcecode.c.objc; path = ServerController.m; sourceTree = "<group>"; };
		3A6F7DE610E274F400FCCF2F /* SCTcpServer.xcodeproj */ = {isa = PBXFileReference; lastKnownFileType = "wrapper.pb-project"; name = SCTcpServer.xcodeproj; path = SCTcpServer/SCTcpServer.xcodeproj; sourceTree = "<group>"; };
		3A8C88EC10F22115007680DF /* license.sh */ = {isa = PBXFileReference; fileEncoding = 4; lastKnownFileType = text.script.sh; path = license.sh; sourceTree = "<group>"; };
		3A8C89A710F3A3F1007680DF /* NSFileManager+Extensions.h */ = {isa = PBXFileReference; fileEncoding = 4; lastKnownFileType = sourcecode.c.h; path = "NSFileManager+Extensions.h"; sourceTree = "<group>"; };
		3A8C89A810F3A3F1007680DF /* NSFileManager+Extensions.m */ = {isa = PBXFileReference; fileEncoding = 4; lastKnownFileType = sourcecode.c.objc; path = "NSFileManager+Extensions.m"; sourceTree = "<group>"; };
		3A8C89FF10F4C85A007680DF /* SoftwareUpdateController.h */ = {isa = PBXFileReference; fileEncoding = 4; lastKnownFileType = sourcecode.c.h; path = SoftwareUpdateController.h; sourceTree = "<group>"; };
		3A8C8A0010F4C85A007680DF /* SoftwareUpdateController.m */ = {isa = PBXFileReference; fileEncoding = 4; lastKnownFileType = sourcecode.c.objc; path = SoftwareUpdateController.m; sourceTree = "<group>"; };
		3A8C8A4510F4DC21007680DF /* JSON.h */ = {isa = PBXFileReference; fileEncoding = 4; lastKnownFileType = sourcecode.c.h; path = JSON.h; sourceTree = "<group>"; };
		3A8C8A4610F4DC21007680DF /* NSObject+SBJSON.h */ = {isa = PBXFileReference; fileEncoding = 4; lastKnownFileType = sourcecode.c.h; path = "NSObject+SBJSON.h"; sourceTree = "<group>"; };
		3A8C8A4710F4DC21007680DF /* NSObject+SBJSON.m */ = {isa = PBXFileReference; fileEncoding = 4; lastKnownFileType = sourcecode.c.objc; path = "NSObject+SBJSON.m"; sourceTree = "<group>"; };
		3A8C8A4810F4DC21007680DF /* NSString+SBJSON.h */ = {isa = PBXFileReference; fileEncoding = 4; lastKnownFileType = sourcecode.c.h; path = "NSString+SBJSON.h"; sourceTree = "<group>"; };
		3A8C8A4910F4DC21007680DF /* NSString+SBJSON.m */ = {isa = PBXFileReference; fileEncoding = 4; lastKnownFileType = sourcecode.c.objc; path = "NSString+SBJSON.m"; sourceTree = "<group>"; };
		3A8C8A4A10F4DC21007680DF /* SBJSON.h */ = {isa = PBXFileReference; fileEncoding = 4; lastKnownFileType = sourcecode.c.h; path = SBJSON.h; sourceTree = "<group>"; };
		3A8C8A4B10F4DC21007680DF /* SBJSON.m */ = {isa = PBXFileReference; fileEncoding = 4; lastKnownFileType = sourcecode.c.objc; path = SBJSON.m; sourceTree = "<group>"; };
		3A8C8A4C10F4DC21007680DF /* SBJsonBase.h */ = {isa = PBXFileReference; fileEncoding = 4; lastKnownFileType = sourcecode.c.h; path = SBJsonBase.h; sourceTree = "<group>"; };
		3A8C8A4D10F4DC21007680DF /* SBJsonBase.m */ = {isa = PBXFileReference; fileEncoding = 4; lastKnownFileType = sourcecode.c.objc; path = SBJsonBase.m; sourceTree = "<group>"; };
		3A8C8A4E10F4DC21007680DF /* SBJsonParser.h */ = {isa = PBXFileReference; fileEncoding = 4; lastKnownFileType = sourcecode.c.h; path = SBJsonParser.h; sourceTree = "<group>"; };
		3A8C8A4F10F4DC21007680DF /* SBJsonParser.m */ = {isa = PBXFileReference; fileEncoding = 4; lastKnownFileType = sourcecode.c.objc; path = SBJsonParser.m; sourceTree = "<group>"; };
		3A8C8A5010F4DC21007680DF /* SBJsonWriter.h */ = {isa = PBXFileReference; fileEncoding = 4; lastKnownFileType = sourcecode.c.h; path = SBJsonWriter.h; sourceTree = "<group>"; };
		3A8C8A5110F4DC21007680DF /* SBJsonWriter.m */ = {isa = PBXFileReference; fileEncoding = 4; lastKnownFileType = sourcecode.c.objc; path = SBJsonWriter.m; sourceTree = "<group>"; };
		3A8C8AFB10F500DE007680DF /* HandCursorTextField.h */ = {isa = PBXFileReference; fileEncoding = 4; lastKnownFileType = sourcecode.c.h; path = HandCursorTextField.h; sourceTree = "<group>"; };
		3A8C8AFC10F500DF007680DF /* HandCursorTextField.m */ = {isa = PBXFileReference; fileEncoding = 4; lastKnownFileType = sourcecode.c.objc; path = HandCursorTextField.m; sourceTree = "<group>"; };
		3A8C8B7210F513F6007680DF /* PortNumberFormatter.h */ = {isa = PBXFileReference; fileEncoding = 4; lastKnownFileType = sourcecode.c.h; path = PortNumberFormatter.h; sourceTree = "<group>"; };
		3A8C8B7310F513F6007680DF /* PortNumberFormatter.m */ = {isa = PBXFileReference; fileEncoding = 4; lastKnownFileType = sourcecode.c.objc; path = PortNumberFormatter.m; sourceTree = "<group>"; };
		3A8C8C7B10F6262C007680DF /* LicenseController.h */ = {isa = PBXFileReference; fileEncoding = 4; lastKnownFileType = sourcecode.c.h; path = LicenseController.h; sourceTree = "<group>"; };
		3A8C8C7C10F6262C007680DF /* LicenseController.m */ = {isa = PBXFileReference; fileEncoding = 4; lastKnownFileType = sourcecode.c.objc; path = LicenseController.m; sourceTree = "<group>"; };
		3A8E102610DFBDE800A0CFBC /* lcl_config_components.h */ = {isa = PBXFileReference; fileEncoding = 4; lastKnownFileType = sourcecode.c.h; path = lcl_config_components.h; sourceTree = "<group>"; };
		3A8E102710DFBDE800A0CFBC /* lcl_config_logger.h */ = {isa = PBXFileReference; fileEncoding = 4; lastKnownFileType = sourcecode.c.h; path = lcl_config_logger.h; sourceTree = "<group>"; };
		3A8E102810DFBDE800A0CFBC /* lcl.h */ = {isa = PBXFileReference; fileEncoding = 4; lastKnownFileType = sourcecode.c.h; path = lcl.h; sourceTree = "<group>"; };
		3A8E102910DFBDE800A0CFBC /* lcl.m */ = {isa = PBXFileReference; fileEncoding = 4; lastKnownFileType = sourcecode.c.objc; path = lcl.m; sourceTree = "<group>"; };
		3A8E106110DFC3C700A0CFBC /* lcl_config_logger_LogFIle.h */ = {isa = PBXFileReference; fileEncoding = 4; lastKnownFileType = sourcecode.c.h; path = lcl_config_logger_LogFIle.h; sourceTree = "<group>"; };
		3A8E106210DFC3C700A0CFBC /* LCLLogFile.h */ = {isa = PBXFileReference; fileEncoding = 4; lastKnownFileType = sourcecode.c.h; path = LCLLogFile.h; sourceTree = "<group>"; };
		3A8E106310DFC3C700A0CFBC /* LCLLogFile.m */ = {isa = PBXFileReference; fileEncoding = 4; lastKnownFileType = sourcecode.c.objc; path = LCLLogFile.m; sourceTree = "<group>"; };
		3A8E127A10E117FF00A0CFBC /* Security.framework */ = {isa = PBXFileReference; lastKnownFileType = wrapper.framework; name = Security.framework; path = System/Library/Frameworks/Security.framework; sourceTree = SDKROOT; };
		3A8EFAD810D1364900A0CFBC /* MessagePart.h */ = {isa = PBXFileReference; fileEncoding = 4; lastKnownFileType = sourcecode.c.h; path = MessagePart.h; sourceTree = "<group>"; };
		3A8EFAD910D1364900A0CFBC /* MessagePart.m */ = {isa = PBXFileReference; fileEncoding = 4; lastKnownFileType = sourcecode.c.objc; path = MessagePart.m; sourceTree = "<group>"; };
		3A8EFADC10D1365E00A0CFBC /* MessageAttachment.h */ = {isa = PBXFileReference; fileEncoding = 4; lastKnownFileType = sourcecode.c.h; path = MessageAttachment.h; sourceTree = "<group>"; };
		3A8EFADD10D1365E00A0CFBC /* MessageAttachment.m */ = {isa = PBXFileReference; fileEncoding = 4; lastKnownFileType = sourcecode.c.objc; path = MessageAttachment.m; sourceTree = "<group>"; };
		3A8EFB3810D1561000A0CFBC /* MessagePartTransformer.h */ = {isa = PBXFileReference; fileEncoding = 4; lastKnownFileType = sourcecode.c.h; path = MessagePartTransformer.h; sourceTree = "<group>"; };
		3A8EFB3910D1561000A0CFBC /* MessagePartTransformer.m */ = {isa = PBXFileReference; fileEncoding = 4; lastKnownFileType = sourcecode.c.objc; path = MessagePartTransformer.m; sourceTree = "<group>"; };
		3A8EFC1010D270D000A0CFBC /* clip.png */ = {isa = PBXFileReference; lastKnownFileType = image.png; path = clip.png; sourceTree = "<group>"; };
		3A8EFC1B10D2809400A0CFBC /* MessageAttachmentTransformer.h */ = {isa = PBXFileReference; fileEncoding = 4; lastKnownFileType = sourcecode.c.h; path = MessageAttachmentTransformer.h; sourceTree = "<group>"; };
		3A8EFC1C10D2809400A0CFBC /* MessageAttachmentTransformer.m */ = {isa = PBXFileReference; fileEncoding = 4; lastKnownFileType = sourcecode.c.objc; path = MessageAttachmentTransformer.m; sourceTree = "<group>"; };
		3A8EFC8D10D2A03400A0CFBC /* AttachmentsController.h */ = {isa = PBXFileReference; fileEncoding = 4; lastKnownFileType = sourcecode.c.h; path = AttachmentsController.h; sourceTree = "<group>"; };
		3A8EFC8E10D2A03400A0CFBC /* AttachmentsController.m */ = {isa = PBXFileReference; fileEncoding = 4; lastKnownFileType = sourcecode.c.objc; path = AttachmentsController.m; sourceTree = "<group>"; };
		3AA8801A10D01E74000F9C5E /* icon.icns */ = {isa = PBXFileReference; lastKnownFileType = image.icns; path = icon.icns; sourceTree = "<group>"; };
		3AA8805710D02198000F9C5E /* log_off.png */ = {isa = PBXFileReference; lastKnownFileType = image.png; path = log_off.png; sourceTree = "<group>"; };
		3AA8805810D02198000F9C5E /* log.png */ = {isa = PBXFileReference; lastKnownFileType = image.png; path = log.png; sourceTree = "<group>"; };
		3AA8805910D02198000F9C5E /* stop_over.png */ = {isa = PBXFileReference; lastKnownFileType = image.png; path = stop_over.png; sourceTree = "<group>"; };
		3AA8805A10D02198000F9C5E /* stop_off.png */ = {isa = PBXFileReference; lastKnownFileType = image.png; path = stop_off.png; sourceTree = "<group>"; };
		3AA8805B10D02198000F9C5E /* stop.png */ = {isa = PBXFileReference; lastKnownFileType = image.png; path = stop.png; sourceTree = "<group>"; };
		3AA8805C10D02198000F9C5E /* log_over.png */ = {isa = PBXFileReference; lastKnownFileType = image.png; path = log_over.png; sourceTree = "<group>"; };
		3AA8805D10D02198000F9C5E /* play_over.png */ = {isa = PBXFileReference; lastKnownFileType = image.png; path = play_over.png; sourceTree = "<group>"; };
		3AA8805E10D02198000F9C5E /* play_off.png */ = {isa = PBXFileReference; lastKnownFileType = image.png; path = play_off.png; sourceTree = "<group>"; };
		3AA8805F10D02198000F9C5E /* play.png */ = {isa = PBXFileReference; lastKnownFileType = image.png; path = play.png; sourceTree = "<group>"; };
		3ABD000310CD293D00213059 /* NSData+MIME.h */ = {isa = PBXFileReference; fileEncoding = 4; lastKnownFileType = sourcecode.c.h; path = "NSData+MIME.h"; sourceTree = "<group>"; };
		3ABD000610CD296D00213059 /* NSData+MIME.m */ = {isa = PBXFileReference; fileEncoding = 4; lastKnownFileType = sourcecode.c.objc; path = "NSData+MIME.m"; sourceTree = "<group>"; };
		3ABD000810CD298900213059 /* NSString+MessageUtils.m */ = {isa = PBXFileReference; fileEncoding = 4; lastKnownFileType = sourcecode.c.objc; path = "NSString+MessageUtils.m"; sourceTree = "<group>"; };
		3ABD000B10CD299C00213059 /* NSCharacterSet+MIME.h */ = {isa = PBXFileReference; fileEncoding = 4; lastKnownFileType = sourcecode.c.h; path = "NSCharacterSet+MIME.h"; sourceTree = "<group>"; };
		3ABD000C10CD29A600213059 /* NSCharacterSet+MIME.m */ = {isa = PBXFileReference; fileEncoding = 4; lastKnownFileType = sourcecode.c.objc; path = "NSCharacterSet+MIME.m"; sourceTree = "<group>"; };
		3ABD001310CD29BF00213059 /* NSCalendarDate+NetExt.h */ = {isa = PBXFileReference; fileEncoding = 4; lastKnownFileType = sourcecode.c.h; path = "NSCalendarDate+NetExt.h"; sourceTree = "<group>"; };
		3ABD001410CD29C700213059 /* NSCalendarDate+NetExt.m */ = {isa = PBXFileReference; fileEncoding = 4; lastKnownFileType = sourcecode.c.objc; path = "NSCalendarDate+NetExt.m"; sourceTree = "<group>"; };
		3ABD001B10CD29DC00213059 /* NSImage+XFace.h */ = {isa = PBXFileReference; fileEncoding = 4; lastKnownFileType = sourcecode.c.h; path = "NSImage+XFace.h"; sourceTree = "<group>"; };
		3ABD001C10CD29E600213059 /* NSImage+XFace.m */ = {isa = PBXFileReference; fileEncoding = 4; lastKnownFileType = sourcecode.c.objc; path = "NSImage+XFace.m"; sourceTree = "<group>"; };
		3ABD002D10CD2C4D00213059 /* EDCommonDefines.h */ = {isa = PBXFileReference; fileEncoding = 4; lastKnownFileType = sourcecode.c.h; path = EDCommonDefines.h; sourceTree = "<group>"; };
		3ABD002F10CD2C7A00213059 /* NSString+Extensions.h */ = {isa = PBXFileReference; fileEncoding = 4; lastKnownFileType = sourcecode.c.h; path = "NSString+Extensions.h"; sourceTree = "<group>"; };
		3ABD003210CD2CB100213059 /* NSString+Extensions.m */ = {isa = PBXFileReference; fileEncoding = 4; lastKnownFileType = sourcecode.c.objc; path = "NSString+Extensions.m"; sourceTree = "<group>"; };
		3ABD004610CD2D2900213059 /* EDObjectPair.h */ = {isa = PBXFileReference; fileEncoding = 4; lastKnownFileType = sourcecode.c.h; path = EDObjectPair.h; sourceTree = "<group>"; };
		3ABD004710CD2D3900213059 /* EDObjectPair.m */ = {isa = PBXFileReference; fileEncoding = 4; lastKnownFileType = sourcecode.c.objc; path = EDObjectPair.m; sourceTree = "<group>"; };
		3ABD004910CD2D4800213059 /* EDMutableObjectPair.h */ = {isa = PBXFileReference; fileEncoding = 4; lastKnownFileType = sourcecode.c.h; path = EDMutableObjectPair.h; sourceTree = "<group>"; };
		3ABD004A10CD2D6C00213059 /* EDMutableObjectPair.m */ = {isa = PBXFileReference; fileEncoding = 4; lastKnownFileType = sourcecode.c.objc; path = EDMutableObjectPair.m; sourceTree = "<group>"; };
		3ABD004F10CD2DD700213059 /* EDCommon.h */ = {isa = PBXFileReference; fileEncoding = 4; lastKnownFileType = sourcecode.c.h; path = EDCommon.h; sourceTree = "<group>"; };
		3ABD005110CD2DF200213059 /* EDObjcRuntime.h */ = {isa = PBXFileReference; fileEncoding = 4; lastKnownFileType = sourcecode.c.h; path = EDObjcRuntime.h; sourceTree = "<group>"; };
		3ABD005810CD2E7400213059 /* EDIRCObject.h */ = {isa = PBXFileReference; fileEncoding = 4; lastKnownFileType = sourcecode.c.h; path = EDIRCObject.h; sourceTree = "<group>"; };
		3ABD005910CD2EAF00213059 /* EDIRCObject.m */ = {isa = PBXFileReference; fileEncoding = 4; lastKnownFileType = sourcecode.c.objc; path = EDIRCObject.m; sourceTree = "<group>"; };
		3ABD005C10CD2EE700213059 /* EDLightWeightLock.h */ = {isa = PBXFileReference; fileEncoding = 4; lastKnownFileType = sourcecode.c.h; path = EDLightWeightLock.h; sourceTree = "<group>"; };
		3ABD01E310CD35B100213059 /* EDStringScanner.h */ = {isa = PBXFileReference; fileEncoding = 4; lastKnownFileType = sourcecode.c.h; path = EDStringScanner.h; sourceTree = "<group>"; };
		3ABD01E410CD35C700213059 /* EDStringScanner.m */ = {isa = PBXFileReference; fileEncoding = 4; lastKnownFileType = sourcecode.c.objc; path = EDStringScanner.m; sourceTree = "<group>"; };
		3ABD01E910CD36C900213059 /* useful.m */ = {isa = PBXFileReference; fileEncoding = 4; lastKnownFileType = sourcecode.c.objc; path = useful.m; sourceTree = "<group>"; };
		3ABD01F210CD374800213059 /* NSObject+Extensions.h */ = {isa = PBXFileReference; fileEncoding = 4; lastKnownFileType = sourcecode.c.h; path = "NSObject+Extensions.h"; sourceTree = "<group>"; };
		3ABD01F310CD375900213059 /* NSObject+Extensions.m */ = {isa = PBXFileReference; fileEncoding = 4; lastKnownFileType = sourcecode.c.objc; path = "NSObject+Extensions.m"; sourceTree = "<group>"; };
		3ABD020510CD38C500213059 /* NSArray+Extensions.h */ = {isa = PBXFileReference; fileEncoding = 4; lastKnownFileType = sourcecode.c.h; path = "NSArray+Extensions.h"; sourceTree = "<group>"; };
		3ABD020610CD38CF00213059 /* NSArray+Extensions.m */ = {isa = PBXFileReference; fileEncoding = 4; lastKnownFileType = sourcecode.c.objc; path = "NSArray+Extensions.m"; sourceTree = "<group>"; };
		3ABD020810CD38E600213059 /* NSData+Extensions.h */ = {isa = PBXFileReference; fileEncoding = 4; lastKnownFileType = sourcecode.c.h; path = "NSData+Extensions.h"; sourceTree = "<group>"; };
		3ABD020910CD38F400213059 /* NSData+Extensions.m */ = {isa = PBXFileReference; fileEncoding = 4; lastKnownFileType = sourcecode.c.objc; path = "NSData+Extensions.m"; sourceTree = "<group>"; };
		3ABD020B10CD390600213059 /* NSScanner+Extensions.h */ = {isa = PBXFileReference; fileEncoding = 4; lastKnownFileType = sourcecode.c.h; path = "NSScanner+Extensions.h"; sourceTree = "<group>"; };
		3ABD020C10CD391300213059 /* NSScanner+Extensions.m */ = {isa = PBXFileReference; fileEncoding = 4; lastKnownFileType = sourcecode.c.objc; path = "NSScanner+Extensions.m"; sourceTree = "<group>"; };
		3ABD021310CD399C00213059 /* osdep.h */ = {isa = PBXFileReference; fileEncoding = 4; lastKnownFileType = sourcecode.c.h; path = osdep.h; sourceTree = "<group>"; };
		3ABD032E10CD717300213059 /* EDCompositeContentCoder.h */ = {isa = PBXFileReference; fileEncoding = 4; lastKnownFileType = sourcecode.c.h; path = EDCompositeContentCoder.h; sourceTree = "<group>"; };
		3ABD032F10CD717300213059 /* EDContentCoder.h */ = {isa = PBXFileReference; fileEncoding = 4; lastKnownFileType = sourcecode.c.h; path = EDContentCoder.h; sourceTree = "<group>"; };
		3ABD033010CD717300213059 /* EDHTMLTextContentCoder.h */ = {isa = PBXFileReference; fileEncoding = 4; lastKnownFileType = sourcecode.c.h; path = EDHTMLTextContentCoder.h; sourceTree = "<group>"; };
		3ABD033110CD717300213059 /* EDMultimediaContentCoder.h */ = {isa = PBXFileReference; fileEncoding = 4; lastKnownFileType = sourcecode.c.h; path = EDMultimediaContentCoder.h; sourceTree = "<group>"; };
		3ABD033210CD717300213059 /* EDPlainTextContentCoder.h */ = {isa = PBXFileReference; fileEncoding = 4; lastKnownFileType = sourcecode.c.h; path = EDPlainTextContentCoder.h; sourceTree = "<group>"; };
		3ABD033310CD717300213059 /* EDTextContentCoder.h */ = {isa = PBXFileReference; fileEncoding = 4; lastKnownFileType = sourcecode.c.h; path = EDTextContentCoder.h; sourceTree = "<group>"; };
		3ABD033510CD718500213059 /* EDCompositeContentCoder.m */ = {isa = PBXFileReference; fileEncoding = 4; lastKnownFileType = sourcecode.c.objc; path = EDCompositeContentCoder.m; sourceTree = "<group>"; };
		3ABD033610CD718600213059 /* EDContentCoder.m */ = {isa = PBXFileReference; fileEncoding = 4; lastKnownFileType = sourcecode.c.objc; path = EDContentCoder.m; sourceTree = "<group>"; };
		3ABD033710CD718600213059 /* EDHTMLTextContentCoder.m */ = {isa = PBXFileReference; fileEncoding = 4; lastKnownFileType = sourcecode.c.objc; path = EDHTMLTextContentCoder.m; sourceTree = "<group>"; };
		3ABD033810CD718600213059 /* EDMultimediaContentCoder.m */ = {isa = PBXFileReference; fileEncoding = 4; lastKnownFileType = sourcecode.c.objc; path = EDMultimediaContentCoder.m; sourceTree = "<group>"; };
		3ABD033910CD718600213059 /* EDPlainTextContentCoder.m */ = {isa = PBXFileReference; fileEncoding = 4; lastKnownFileType = sourcecode.c.objc; path = EDPlainTextContentCoder.m; sourceTree = "<group>"; };
		3ABD033A10CD718600213059 /* EDTextContentCoder.m */ = {isa = PBXFileReference; fileEncoding = 4; lastKnownFileType = sourcecode.c.objc; path = EDTextContentCoder.m; sourceTree = "<group>"; };
		3ABD034610CD723100213059 /* NSString+PlainTextFlowedExtensions.h */ = {isa = PBXFileReference; fileEncoding = 4; lastKnownFileType = sourcecode.c.h; path = "NSString+PlainTextFlowedExtensions.h"; sourceTree = "<group>"; };
		3ABD034710CD724300213059 /* NSString+PlainTextFlowedExtensions.m */ = {isa = PBXFileReference; fileEncoding = 4; lastKnownFileType = sourcecode.c.objc; path = "NSString+PlainTextFlowedExtensions.m"; sourceTree = "<group>"; };
		3ABD035210CD72AA00213059 /* EDStack.h */ = {isa = PBXFileReference; fileEncoding = 4; lastKnownFileType = sourcecode.c.h; path = EDStack.h; sourceTree = "<group>"; };
		3ABD035310CD72BE00213059 /* EDStack.m */ = {isa = PBXFileReference; fileEncoding = 4; lastKnownFileType = sourcecode.c.objc; path = EDStack.m; sourceTree = "<group>"; };
		3ABD036D10CD739000213059 /* NSAttributedString+Extensions.h */ = {isa = PBXFileReference; fileEncoding = 4; lastKnownFileType = sourcecode.c.h; path = "NSAttributedString+Extensions.h"; sourceTree = "<group>"; };
		3ABD036E10CD739C00213059 /* NSAttributedString+Extensions.m */ = {isa = PBXFileReference; fileEncoding = 4; lastKnownFileType = sourcecode.c.objc; path = "NSAttributedString+Extensions.m"; sourceTree = "<group>"; };
		3ABD038210CD792B00213059 /* EDMessage.h */ = {isa = PBXFileReference; fileEncoding = 4; lastKnownFileType = sourcecode.c.h; path = EDMessage.h; sourceTree = "<group>"; };
		3ABD07C910CFE04500213059 /* MessageTransformer.h */ = {isa = PBXFileReference; fileEncoding = 4; lastKnownFileType = sourcecode.c.h; path = MessageTransformer.h; sourceTree = "<group>"; };
		3ABD07CA10CFE04500213059 /* MessageTransformer.m */ = {isa = PBXFileReference; fileEncoding = 4; lastKnownFileType = sourcecode.c.objc; path = MessageTransformer.m; sourceTree = "<group>"; };
		3ABDFFC710CD26F700213059 /* EDMConstants.h */ = {isa = PBXFileReference; fileEncoding = 4; lastKnownFileType = sourcecode.c.h; path = EDMConstants.h; sourceTree = "<group>"; };
		3ABDFFC810CD26F700213059 /* EDHeaderBearingObject.h */ = {isa = PBXFileReference; fileEncoding = 4; lastKnownFileType = sourcecode.c.h; path = EDHeaderBearingObject.h; sourceTree = "<group>"; };
		3ABDFFC910CD26F700213059 /* EDMessagePart.h */ = {isa = PBXFileReference; fileEncoding = 4; lastKnownFileType = sourcecode.c.h; path = EDMessagePart.h; sourceTree = "<group>"; };
		3ABDFFCA10CD26F700213059 /* EDInternetMessage.h */ = {isa = PBXFileReference; fileEncoding = 4; lastKnownFileType = sourcecode.c.h; path = EDInternetMessage.h; sourceTree = "<group>"; };
		3ABDFFCB10CD271F00213059 /* EDHeaderBearingObject.m */ = {isa = PBXFileReference; fileEncoding = 4; lastKnownFileType = sourcecode.c.objc; path = EDHeaderBearingObject.m; sourceTree = "<group>"; };
		3ABDFFCC10CD271F00213059 /* EDMessagePart.m */ = {isa = PBXFileReference; fileEncoding = 4; lastKnownFileType = sourcecode.c.objc; path = EDMessagePart.m; sourceTree = "<group>"; };
		3ABDFFCD10CD271F00213059 /* EDInternetMessage.m */ = {isa = PBXFileReference; fileEncoding = 4; lastKnownFileType = sourcecode.c.objc; path = EDInternetMessage.m; sourceTree = "<group>"; };
		3ABDFFD410CD278700213059 /* EDMConstants.m */ = {isa = PBXFileReference; fileEncoding = 4; lastKnownFileType = sourcecode.c.objc; path = EDMConstants.m; sourceTree = "<group>"; };
		3ABDFFD610CD27B700213059 /* EDMessageDefines.h */ = {isa = PBXFileReference; fileEncoding = 4; lastKnownFileType = sourcecode.c.h; path = EDMessageDefines.h; sourceTree = "<group>"; };
		3ABDFFDE10CD284800213059 /* NSString+MessageUtils.h */ = {isa = PBXFileReference; fileEncoding = 4; lastKnownFileType = sourcecode.c.h; path = "NSString+MessageUtils.h"; sourceTree = "<group>"; };
		3ABDFFE610CD28CB00213059 /* EDDateFieldCoder.h */ = {isa = PBXFileReference; fileEncoding = 4; lastKnownFileType = sourcecode.c.h; path = EDDateFieldCoder.h; sourceTree = "<group>"; };
		3ABDFFE710CD28CB00213059 /* EDEntityFieldCoder.h */ = {isa = PBXFileReference; fileEncoding = 4; lastKnownFileType = sourcecode.c.h; path = EDEntityFieldCoder.h; sourceTree = "<group>"; };
		3ABDFFE810CD28CB00213059 /* EDFaceFieldCoder.h */ = {isa = PBXFileReference; fileEncoding = 4; lastKnownFileType = sourcecode.c.h; path = EDFaceFieldCoder.h; sourceTree = "<group>"; };
		3ABDFFE910CD28CB00213059 /* EDHeaderFieldCoder.h */ = {isa = PBXFileReference; fileEncoding = 4; lastKnownFileType = sourcecode.c.h; path = EDHeaderFieldCoder.h; sourceTree = "<group>"; };
		3ABDFFEA10CD28CB00213059 /* EDIdListFieldCoder.h */ = {isa = PBXFileReference; fileEncoding = 4; lastKnownFileType = sourcecode.c.h; path = EDIdListFieldCoder.h; sourceTree = "<group>"; };
		3ABDFFEB10CD28CB00213059 /* EDTextFieldCoder.h */ = {isa = PBXFileReference; fileEncoding = 4; lastKnownFileType = sourcecode.c.h; path = EDTextFieldCoder.h; sourceTree = "<group>"; };
		3ABDFFEC10CD28DB00213059 /* EDDateFieldCoder.m */ = {isa = PBXFileReference; fileEncoding = 4; lastKnownFileType = sourcecode.c.objc; path = EDDateFieldCoder.m; sourceTree = "<group>"; };
		3ABDFFED10CD28DB00213059 /* EDEntityFieldCoder.m */ = {isa = PBXFileReference; fileEncoding = 4; lastKnownFileType = sourcecode.c.objc; path = EDEntityFieldCoder.m; sourceTree = "<group>"; };
		3ABDFFEE10CD28DB00213059 /* EDFaceFieldCoder.m */ = {isa = PBXFileReference; fileEncoding = 4; lastKnownFileType = sourcecode.c.objc; path = EDFaceFieldCoder.m; sourceTree = "<group>"; };
		3ABDFFEF10CD28DB00213059 /* EDHeaderFieldCoder.m */ = {isa = PBXFileReference; fileEncoding = 4; lastKnownFileType = sourcecode.c.objc; path = EDHeaderFieldCoder.m; sourceTree = "<group>"; };
		3ABDFFF010CD28DB00213059 /* EDIdListFieldCoder.m */ = {isa = PBXFileReference; fileEncoding = 4; lastKnownFileType = sourcecode.c.objc; path = EDIdListFieldCoder.m; sourceTree = "<group>"; };
		3ABDFFF110CD28DB00213059 /* EDTextFieldCoder.m */ = {isa = PBXFileReference; fileEncoding = 4; lastKnownFileType = sourcecode.c.objc; path = EDTextFieldCoder.m; sourceTree = "<group>"; };
		3ABDFFF810CD28F900213059 /* parsedate.y */ = {isa = PBXFileReference; fileEncoding = 4; lastKnownFileType = sourcecode.yacc; path = parsedate.y; sourceTree = "<group>"; };
		3ABDFFFF10CD292400213059 /* utilities.h */ = {isa = PBXFileReference; fileEncoding = 4; lastKnownFileType = sourcecode.c.h; path = utilities.h; sourceTree = "<group>"; };
		3ABE013510C42ECB007A2C9D /* PreferencesController.h */ = {isa = PBXFileReference; fileEncoding = 4; lastKnownFileType = sourcecode.c.h; path = PreferencesController.h; sourceTree = "<group>"; };
		3ABE013610C42ECB007A2C9D /* PreferencesController.m */ = {isa = PBXFileReference; fileEncoding = 4; lastKnownFileType = sourcecode.c.objc; path = PreferencesController.m; sourceTree = "<group>"; };
		3ADBCF8410AB168B006C9DBE /* Folder.h */ = {isa = PBXFileReference; fileEncoding = 4; lastKnownFileType = sourcecode.c.h; path = Folder.h; sourceTree = "<group>"; };
		3ADBCF8510AB168B006C9DBE /* Folder.m */ = {isa = PBXFileReference; fileEncoding = 4; lastKnownFileType = sourcecode.c.objc; path = Folder.m; sourceTree = "<group>"; };
		3ADBCFCD10AC6C63006C9DBE /* CenteredTextFieldCell.h */ = {isa = PBXFileReference; fileEncoding = 4; lastKnownFileType = sourcecode.c.h; path = CenteredTextFieldCell.h; sourceTree = "<group>"; };
		3ADBCFCE10AC6C63006C9DBE /* CenteredTextFieldCell.m */ = {isa = PBXFileReference; fileEncoding = 4; lastKnownFileType = sourcecode.c.objc; path = CenteredTextFieldCell.m; sourceTree = "<group>"; };
		3ADBCFD110AC6C96006C9DBE /* WebKit.framework */ = {isa = PBXFileReference; lastKnownFileType = wrapper.framework; name = WebKit.framework; path = System/Library/Frameworks/WebKit.framework; sourceTree = SDKROOT; };
		3ADBD00910AC7C42006C9DBE /* Server.h */ = {isa = PBXFileReference; fileEncoding = 4; lastKnownFileType = sourcecode.c.h; path = Server.h; sourceTree = "<group>"; };
		3ADBD00A10AC7C42006C9DBE /* Server.m */ = {isa = PBXFileReference; fileEncoding = 4; lastKnownFileType = sourcecode.c.objc; path = Server.m; sourceTree = "<group>"; };
		3ADBD03710AC814E006C9DBE /* User.h */ = {isa = PBXFileReference; fileEncoding = 4; lastKnownFileType = sourcecode.c.h; path = User.h; sourceTree = "<group>"; };
		3ADBD03810AC814E006C9DBE /* User.m */ = {isa = PBXFileReference; fileEncoding = 4; lastKnownFileType = sourcecode.c.objc; path = User.m; sourceTree = "<group>"; };
		514E9DF9081EBF9C009B8CD9 /* MockSmtp.mdimporter */ = {isa = PBXFileReference; explicitFileType = wrapper.cfbundle; includeInIndex = 0; path = MockSmtp.mdimporter; sourceTree = BUILT_PRODUCTS_DIR; };
		514E9DFA081EBF9C009B8CD9 /* Importer-Info.plist */ = {isa = PBXFileReference; lastKnownFileType = text.plist.xml; name = "Importer-Info.plist"; path = "../Importer/Importer-Info.plist"; sourceTree = "<group>"; };
		514E9E10081EC6B8009B8CD9 /* GetMetadataForFile.c */ = {isa = PBXFileReference; explicitFileType = sourcecode.c.objc; fileEncoding = 30; path = GetMetadataForFile.c; sourceTree = "<group>"; };
		514E9E11081EC6B8009B8CD9 /* main.c */ = {isa = PBXFileReference; fileEncoding = 30; lastKnownFileType = sourcecode.c.c; path = main.c; sourceTree = "<group>"; };
		514E9E16081EC6D5009B8CD9 /* Importer Read Me.txt */ = {isa = PBXFileReference; fileEncoding = 30; lastKnownFileType = text; name = "Importer Read Me.txt"; path = "Importer/Importer Read Me.txt"; sourceTree = "<group>"; };
		514E9E2D081EC793009B8CD9 /* CoreServices.framework */ = {isa = PBXFileReference; lastKnownFileType = wrapper.framework; name = CoreServices.framework; path = /System/Library/Frameworks/CoreServices.framework; sourceTree = "<absolute>"; };
		514EA014081EC7C3009B8CD9 /* CoreFoundation.framework */ = {isa = PBXFileReference; lastKnownFileType = wrapper.framework; name = CoreFoundation.framework; path = /System/Library/Frameworks/CoreFoundation.framework; sourceTree = "<absolute>"; };
		775BDEF0067A8BF0009058FE /* Document.xcdatamodel */ = {isa = PBXFileReference; fileEncoding = 4; lastKnownFileType = wrapper.xcdatamodel; path = Document.xcdatamodel; sourceTree = "<group>"; };
		7788DA0506752A1600599AAD /* CoreData.framework */ = {isa = PBXFileReference; lastKnownFileType = wrapper.framework; name = CoreData.framework; path = /System/Library/Frameworks/CoreData.framework; sourceTree = "<absolute>"; };
		8D15AC360486D014006FF6A4 /* Info.plist */ = {isa = PBXFileReference; fileEncoding = 4; lastKnownFileType = text.plist.xml; name = Info.plist; path = ../Info.plist; sourceTree = "<group>"; };
		8D15AC370486D014006FF6A4 /* MockSmtp.app */ = {isa = PBXFileReference; explicitFileType = wrapper.application; includeInIndex = 0; path = MockSmtp.app; sourceTree = BUILT_PRODUCTS_DIR; };
/* End PBXFileReference section */

/* Begin PBXFrameworksBuildPhase section */
		514E9DF7081EBF9C009B8CD9 /* Frameworks */ = {
			isa = PBXFrameworksBuildPhase;
			buildActionMask = 2147483647;
			files = (
				514EA015081EC7C3009B8CD9 /* CoreFoundation.framework in Frameworks */,
				514EA011081EC7AB009B8CD9 /* CoreData.framework in Frameworks */,
				514EA010081EC7AA009B8CD9 /* Foundation.framework in Frameworks */,
				514E9E2E081EC793009B8CD9 /* CoreServices.framework in Frameworks */,
			);
			runOnlyForDeploymentPostprocessing = 0;
		};
		8D15AC330486D014006FF6A4 /* Frameworks */ = {
			isa = PBXFrameworksBuildPhase;
			buildActionMask = 2147483647;
			files = (
				775DFF38067A968500C5B868 /* Cocoa.framework in Frameworks */,
				3ADBCFD210AC6C96006C9DBE /* WebKit.framework in Frameworks */,
				3A8E127B10E117FF00A0CFBC /* Security.framework in Frameworks */,
			);
			runOnlyForDeploymentPostprocessing = 0;
		};
/* End PBXFrameworksBuildPhase section */

/* Begin PBXGroup section */
		1058C7A6FEA54F5311CA2CBB /* Linked Frameworks */ = {
			isa = PBXGroup;
			children = (
				3A8E127A10E117FF00A0CFBC /* Security.framework */,
				3ADBCFD110AC6C96006C9DBE /* WebKit.framework */,
				1058C7A7FEA54F5311CA2CBB /* Cocoa.framework */,
				514EA014081EC7C3009B8CD9 /* CoreFoundation.framework */,
				514E9E2D081EC793009B8CD9 /* CoreServices.framework */,
				2A37F4C5FDCFA73011CA2CEA /* Foundation.framework */,
				7788DA0506752A1600599AAD /* CoreData.framework */,
			);
			name = "Linked Frameworks";
			sourceTree = "<group>";
		};
		1058C7A8FEA54F5311CA2CBB /* Other Frameworks */ = {
			isa = PBXGroup;
			children = (
				2A37F4C4FDCFA73011CA2CEA /* AppKit.framework */,
			);
			name = "Other Frameworks";
			sourceTree = "<group>";
		};
		19C28FB0FE9D524F11CA2CBB /* Products */ = {
			isa = PBXGroup;
			children = (
				8D15AC370486D014006FF6A4 /* MockSmtp.app */,
				514E9DF9081EBF9C009B8CD9 /* MockSmtp.mdimporter */,
			);
			name = Products;
			sourceTree = "<group>";
		};
		2A37F4AAFDCFA73011CA2CEA /* MockSmtp */ = {
			isa = PBXGroup;
			children = (
				3A6F7DE610E274F400FCCF2F /* SCTcpServer.xcodeproj */,
				E1B74B1A0667B4A90069E3BA /* Models */,
				2A37F4ABFDCFA73011CA2CEA /* Classes */,
				2A37F4AFFDCFA73011CA2CEA /* Other Sources */,
				2A37F4B8FDCFA73011CA2CEA /* Resources */,
				2A37F4C3FDCFA73011CA2CEA /* Frameworks */,
				19C28FB0FE9D524F11CA2CBB /* Products */,
				514E9E16081EC6D5009B8CD9 /* Importer Read Me.txt */,
			);
			name = MockSmtp;
			sourceTree = "<group>";
		};
		2A37F4ABFDCFA73011CA2CEA /* Classes */ = {
			isa = PBXGroup;
			children = (
				3A8C8B7110F513D8007680DF /* Formatters */,
				3A8C89A610F3A3AA007680DF /* Foundation Extensions */,
				3A8E101C10DFBD5900A0CFBC /* Logging */,
				3ADBD00C10AC7C68006C9DBE /* Model */,
				3ABD07C110CFDF0E00213059 /* Transformers */,
				3A55FA3010B41B77001B095C /* Controllers */,
				3A55FA4110B41BBF001B095C /* Views */,
				3A8C8A4410F4DC21007680DF /* JSON */,
				3A55FF0410B570D1001B095C /* Smtp */,
				514E9E0C081EC698009B8CD9 /* Importer */,
				2A37F4AEFDCFA73011CA2CEA /* Document.h */,
				2A37F4ACFDCFA73011CA2CEA /* Document.m */,
			);
			path = Classes;
			sourceTree = "<group>";
		};
		2A37F4AFFDCFA73011CA2CEA /* Other Sources */ = {
			isa = PBXGroup;
			children = (
				32DBCF750370BD2300C91783 /* MockSmtp_Prefix.pch */,
				2A37F4B0FDCFA73011CA2CEA /* main.m */,
				3A8C88EC10F22115007680DF /* license.sh */,
			);
			name = "Other Sources";
			sourceTree = "<group>";
		};
		2A37F4B8FDCFA73011CA2CEA /* Resources */ = {
			isa = PBXGroup;
			children = (
				3AA8801A10D01E74000F9C5E /* icon.icns */,
				3ABE08DA10C85004007A2C9D /* Images */,
				2F7446BF0DB6CCE400F9684A /* MainMenu.xib */,
				2F7446C10DB6CCE400F9684A /* MainWindow.xib */,
				3A1722EE10C97DF8007E7EE3 /* TrialWindow.xib */,
				2A37F4B9FDCFA73011CA2CEA /* Credits.rtf */,
				8D15AC360486D014006FF6A4 /* Info.plist */,
				089C165FFE840EACC02AAC07 /* InfoPlist.strings */,
				514E9DFA081EBF9C009B8CD9 /* Importer-Info.plist */,
			);
			path = Resources;
			sourceTree = "<group>";
		};
		2A37F4C3FDCFA73011CA2CEA /* Frameworks */ = {
			isa = PBXGroup;
			children = (
				1058C7A6FEA54F5311CA2CBB /* Linked Frameworks */,
				1058C7A8FEA54F5311CA2CBB /* Other Frameworks */,
			);
			name = Frameworks;
			sourceTree = "<group>";
		};
		3A55FA3010B41B77001B095C /* Controllers */ = {
			isa = PBXGroup;
			children = (
				3A550CB310BE7496001B095C /* DocumentController.h */,
				3A550CB410BE7496001B095C /* DocumentController.m */,
				3A55FA4510B41C1D001B095C /* OutlineViewController.h */,
				3A55FA4610B41C1D001B095C /* OutlineViewController.m */,
				3A55FA4810B41C2B001B095C /* TableViewController.h */,
				3A55FA4910B41C2B001B095C /* TableViewController.m */,
				3A55F84110B30ECE001B095C /* WebViewController.h */,
				3A55F84210B30ECE001B095C /* WebViewController.m */,
				3A55FF5110B59DC3001B095C /* ServerController.h */,
				3A55FF5210B59DC3001B095C /* ServerController.m */,
				3A550C0510BC2F6B001B095C /* SegmentController.h */,
				3A550C0610BC2F6B001B095C /* SegmentController.m */,
				3A550D5010BE9F8D001B095C /* MainWindowController.h */,
				3A550D5110BE9F8D001B095C /* MainWindowController.m */,
				3ABE013510C42ECB007A2C9D /* PreferencesController.h */,
				3ABE013610C42ECB007A2C9D /* PreferencesController.m */,
				3A17230110CA6F59007E7EE3 /* TrialWindowController.h */,
				3A17230210CA6F59007E7EE3 /* TrialWindowController.m */,
				3A8EFC8D10D2A03400A0CFBC /* AttachmentsController.h */,
				3A8EFC8E10D2A03400A0CFBC /* AttachmentsController.m */,
				3A8C89FF10F4C85A007680DF /* SoftwareUpdateController.h */,
				3A8C8A0010F4C85A007680DF /* SoftwareUpdateController.m */,
				3A8C8C7B10F6262C007680DF /* LicenseController.h */,
				3A8C8C7C10F6262C007680DF /* LicenseController.m */,
				3A250CBA1100B17800A8B674 /* LicenseInstallController.h */,
				3A250CBB1100B17800A8B674 /* LicenseInstallController.m */,
			);
			path = Controllers;
			sourceTree = "<group>";
		};
		3A55FA4110B41BBF001B095C /* Views */ = {
			isa = PBXGroup;
			children = (
				3ADBCFCD10AC6C63006C9DBE /* CenteredTextFieldCell.h */,
				3ADBCFCE10AC6C63006C9DBE /* CenteredTextFieldCell.m */,
				3A55FD8110B47491001B095C /* OutlineView.h */,
				3A55FD8210B47491001B095C /* OutlineView.m */,
				3A55FCBB10B459FC001B095C /* TableView.h */,
				3A55FCBC10B459FC001B095C /* TableView.m */,
				3A8C8AFB10F500DE007680DF /* HandCursorTextField.h */,
				3A8C8AFC10F500DF007680DF /* HandCursorTextField.m */,
			);
			path = Views;
			sourceTree = "<group>";
		};
		3A55FF0410B570D1001B095C /* Smtp */ = {
			isa = PBXGroup;
			children = (
				3ABD002010CD2A4800213059 /* EDCommon */,
				3ABDFFC410CD253400213059 /* EDMessage */,
				3A55FF0510B570F9001B095C /* TcpServer.h */,
				3A55FF0610B570F9001B095C /* TcpServer.m */,
				3A55FF3B10B582C8001B095C /* SmtpServer.h */,
				3A55FF3C10B582C8001B095C /* SmtpServer.m */,
				3A5500B010B6B67E001B095C /* SmtpConnection.h */,
				3A5500B110B6B67E001B095C /* SmtpConnection.m */,
				3A5500B310B6BEA0001B095C /* SmtpSession.h */,
				3A5500B410B6BEA0001B095C /* SmtpSession.m */,
				3A5500B610B6DE96001B095C /* SmtpSessionState.h */,
				3A5500B710B6DE96001B095C /* SmtpSessionState.m */,
			);
			path = Smtp;
			sourceTree = "<group>";
		};
		3A8C89A610F3A3AA007680DF /* Foundation Extensions */ = {
			isa = PBXGroup;
			children = (
				3A8C89A710F3A3F1007680DF /* NSFileManager+Extensions.h */,
				3A8C89A810F3A3F1007680DF /* NSFileManager+Extensions.m */,
			);
			name = "Foundation Extensions";
			sourceTree = "<group>";
		};
		3A8C8A4410F4DC21007680DF /* JSON */ = {
			isa = PBXGroup;
			children = (
				3A8C8A4510F4DC21007680DF /* JSON.h */,
				3A8C8A4610F4DC21007680DF /* NSObject+SBJSON.h */,
				3A8C8A4710F4DC21007680DF /* NSObject+SBJSON.m */,
				3A8C8A4810F4DC21007680DF /* NSString+SBJSON.h */,
				3A8C8A4910F4DC21007680DF /* NSString+SBJSON.m */,
				3A8C8A4A10F4DC21007680DF /* SBJSON.h */,
				3A8C8A4B10F4DC21007680DF /* SBJSON.m */,
				3A8C8A4C10F4DC21007680DF /* SBJsonBase.h */,
				3A8C8A4D10F4DC21007680DF /* SBJsonBase.m */,
				3A8C8A4E10F4DC21007680DF /* SBJsonParser.h */,
				3A8C8A4F10F4DC21007680DF /* SBJsonParser.m */,
				3A8C8A5010F4DC21007680DF /* SBJsonWriter.h */,
				3A8C8A5110F4DC21007680DF /* SBJsonWriter.m */,
			);
			path = JSON;
			sourceTree = "<group>";
		};
		3A8C8B7110F513D8007680DF /* Formatters */ = {
			isa = PBXGroup;
			children = (
				3A8C8B7210F513F6007680DF /* PortNumberFormatter.h */,
				3A8C8B7310F513F6007680DF /* PortNumberFormatter.m */,
			);
			name = Formatters;
			sourceTree = "<group>";
		};
		3A8C8DAF10F76D42007680DF /* Products */ = {
			isa = PBXGroup;
			children = (
				3A8C8DB310F76D42007680DF /* SCTcpServer */,
			);
			name = Products;
			sourceTree = "<group>";
		};
		3A8E101C10DFBD5900A0CFBC /* Logging */ = {
			isa = PBXGroup;
			children = (
				3A8E104210DFC27200A0CFBC /* LCLCore */,
				3A8E105E10DFC2AE00A0CFBC /* LogFileLogger */,
				3A8E102610DFBDE800A0CFBC /* lcl_config_components.h */,
				3A8E102710DFBDE800A0CFBC /* lcl_config_logger.h */,
			);
			path = Logging;
			sourceTree = "<group>";
		};
		3A8E104210DFC27200A0CFBC /* LCLCore */ = {
			isa = PBXGroup;
			children = (
				3A8E102810DFBDE800A0CFBC /* lcl.h */,
				3A8E102910DFBDE800A0CFBC /* lcl.m */,
			);
			name = LCLCore;
			sourceTree = "<group>";
		};
		3A8E105E10DFC2AE00A0CFBC /* LogFileLogger */ = {
			isa = PBXGroup;
			children = (
				3A8E106110DFC3C700A0CFBC /* lcl_config_logger_LogFIle.h */,
				3A8E106210DFC3C700A0CFBC /* LCLLogFile.h */,
				3A8E106310DFC3C700A0CFBC /* LCLLogFile.m */,
			);
			name = LogFileLogger;
			sourceTree = "<group>";
		};
		3ABD000410CD294A00213059 /* Classes */ = {
			isa = PBXGroup;
			children = (
				3ABD034710CD724300213059 /* NSString+PlainTextFlowedExtensions.m */,
				3ABD001C10CD29E600213059 /* NSImage+XFace.m */,
				3ABD001410CD29C700213059 /* NSCalendarDate+NetExt.m */,
				3ABD000C10CD29A600213059 /* NSCharacterSet+MIME.m */,
				3ABD000810CD298900213059 /* NSString+MessageUtils.m */,
				3ABD000610CD296D00213059 /* NSData+MIME.m */,
			);
			name = Classes;
			sourceTree = "<group>";
		};
		3ABD000510CD295100213059 /* Headers */ = {
			isa = PBXGroup;
			children = (
				3ABD001B10CD29DC00213059 /* NSImage+XFace.h */,
				3ABD001310CD29BF00213059 /* NSCalendarDate+NetExt.h */,
				3ABD000310CD293D00213059 /* NSData+MIME.h */,
				3ABD000B10CD299C00213059 /* NSCharacterSet+MIME.h */,
				3ABDFFDE10CD284800213059 /* NSString+MessageUtils.h */,
				3ABD034610CD723100213059 /* NSString+PlainTextFlowedExtensions.h */,
			);
			name = Headers;
			sourceTree = "<group>";
		};
		3ABD002010CD2A4800213059 /* EDCommon */ = {
			isa = PBXGroup;
			children = (
				3ABD002C10CD2C3000213059 /* Global Headers */,
				3ABD002E10CD2C5E00213059 /* Foundation Extensions */,
				3ABD004310CD2CEE00213059 /* Data Structures */,
				3ABD01E010CD358200213059 /* Miscellaneous */,
				3ABD01E810CD36A800213059 /* Other Sources */,
			);
			path = EDCommon;
			sourceTree = "<group>";
		};
		3ABD002C10CD2C3000213059 /* Global Headers */ = {
			isa = PBXGroup;
			children = (
				3ABD004F10CD2DD700213059 /* EDCommon.h */,
				3ABD005110CD2DF200213059 /* EDObjcRuntime.h */,
				3ABD002D10CD2C4D00213059 /* EDCommonDefines.h */,
				3ABD021310CD399C00213059 /* osdep.h */,
			);
			name = "Global Headers";
			sourceTree = "<group>";
		};
		3ABD002E10CD2C5E00213059 /* Foundation Extensions */ = {
			isa = PBXGroup;
			children = (
				3ABD003010CD2C8000213059 /* Headers */,
				3ABD003110CD2C8F00213059 /* Classes */,
			);
			name = "Foundation Extensions";
			sourceTree = "<group>";
		};
		3ABD003010CD2C8000213059 /* Headers */ = {
			isa = PBXGroup;
			children = (
				3ABD020B10CD390600213059 /* NSScanner+Extensions.h */,
				3ABD020510CD38C500213059 /* NSArray+Extensions.h */,
				3ABD036D10CD739000213059 /* NSAttributedString+Extensions.h */,
				3ABD020810CD38E600213059 /* NSData+Extensions.h */,
				3ABD01F210CD374800213059 /* NSObject+Extensions.h */,
				3ABD002F10CD2C7A00213059 /* NSString+Extensions.h */,
			);
			name = Headers;
			sourceTree = "<group>";
		};
		3ABD003110CD2C8F00213059 /* Classes */ = {
			isa = PBXGroup;
			children = (
				3ABD036E10CD739C00213059 /* NSAttributedString+Extensions.m */,
				3ABD020C10CD391300213059 /* NSScanner+Extensions.m */,
				3ABD020910CD38F400213059 /* NSData+Extensions.m */,
				3ABD020610CD38CF00213059 /* NSArray+Extensions.m */,
				3ABD01F310CD375900213059 /* NSObject+Extensions.m */,
				3ABD003210CD2CB100213059 /* NSString+Extensions.m */,
			);
			name = Classes;
			sourceTree = "<group>";
		};
		3ABD004310CD2CEE00213059 /* Data Structures */ = {
			isa = PBXGroup;
			children = (
				3ABD004510CD2D1200213059 /* Headers */,
				3ABD004410CD2D0900213059 /* Classes */,
			);
			name = "Data Structures";
			sourceTree = "<group>";
		};
		3ABD004410CD2D0900213059 /* Classes */ = {
			isa = PBXGroup;
			children = (
				3ABD035310CD72BE00213059 /* EDStack.m */,
				3ABD005910CD2EAF00213059 /* EDIRCObject.m */,
				3ABD004A10CD2D6C00213059 /* EDMutableObjectPair.m */,
				3ABD004710CD2D3900213059 /* EDObjectPair.m */,
			);
			name = Classes;
			sourceTree = "<group>";
		};
		3ABD004510CD2D1200213059 /* Headers */ = {
			isa = PBXGroup;
			children = (
				3ABD005C10CD2EE700213059 /* EDLightWeightLock.h */,
				3ABD005810CD2E7400213059 /* EDIRCObject.h */,
				3ABD035210CD72AA00213059 /* EDStack.h */,
				3ABD004910CD2D4800213059 /* EDMutableObjectPair.h */,
				3ABD004610CD2D2900213059 /* EDObjectPair.h */,
			);
			name = Headers;
			sourceTree = "<group>";
		};
		3ABD01E010CD358200213059 /* Miscellaneous */ = {
			isa = PBXGroup;
			children = (
				3ABD01E210CD359C00213059 /* Headers */,
				3ABD01E110CD359600213059 /* Classes */,
			);
			name = Miscellaneous;
			sourceTree = "<group>";
		};
		3ABD01E110CD359600213059 /* Classes */ = {
			isa = PBXGroup;
			children = (
				3ABD01E410CD35C700213059 /* EDStringScanner.m */,
			);
			name = Classes;
			sourceTree = "<group>";
		};
		3ABD01E210CD359C00213059 /* Headers */ = {
			isa = PBXGroup;
			children = (
				3ABD01E310CD35B100213059 /* EDStringScanner.h */,
			);
			name = Headers;
			sourceTree = "<group>";
		};
		3ABD01E810CD36A800213059 /* Other Sources */ = {
			isa = PBXGroup;
			children = (
				3ABD01E910CD36C900213059 /* useful.m */,
			);
			name = "Other Sources";
			sourceTree = "<group>";
		};
		3ABD032B10CD714200213059 /* ContentCoder */ = {
			isa = PBXGroup;
			children = (
				3ABD032D10CD715B00213059 /* Headers */,
				3ABD032C10CD715200213059 /* Classes */,
			);
			name = ContentCoder;
			sourceTree = "<group>";
		};
		3ABD032C10CD715200213059 /* Classes */ = {
			isa = PBXGroup;
			children = (
				3ABD033510CD718500213059 /* EDCompositeContentCoder.m */,
				3ABD033610CD718600213059 /* EDContentCoder.m */,
				3ABD033710CD718600213059 /* EDHTMLTextContentCoder.m */,
				3ABD033810CD718600213059 /* EDMultimediaContentCoder.m */,
				3ABD033910CD718600213059 /* EDPlainTextContentCoder.m */,
				3ABD033A10CD718600213059 /* EDTextContentCoder.m */,
			);
			name = Classes;
			sourceTree = "<group>";
		};
		3ABD032D10CD715B00213059 /* Headers */ = {
			isa = PBXGroup;
			children = (
				3ABD032E10CD717300213059 /* EDCompositeContentCoder.h */,
				3ABD032F10CD717300213059 /* EDContentCoder.h */,
				3ABD033010CD717300213059 /* EDHTMLTextContentCoder.h */,
				3ABD033110CD717300213059 /* EDMultimediaContentCoder.h */,
				3ABD033210CD717300213059 /* EDPlainTextContentCoder.h */,
				3ABD033310CD717300213059 /* EDTextContentCoder.h */,
			);
			name = Headers;
			sourceTree = "<group>";
		};
		3ABD07C110CFDF0E00213059 /* Transformers */ = {
			isa = PBXGroup;
			children = (
				3ABD07C910CFE04500213059 /* MessageTransformer.h */,
				3ABD07CA10CFE04500213059 /* MessageTransformer.m */,
				3A8EFB3810D1561000A0CFBC /* MessagePartTransformer.h */,
				3A8EFB3910D1561000A0CFBC /* MessagePartTransformer.m */,
				3A8EFC1B10D2809400A0CFBC /* MessageAttachmentTransformer.h */,
				3A8EFC1C10D2809400A0CFBC /* MessageAttachmentTransformer.m */,
			);
			path = Transformers;
			sourceTree = "<group>";
		};
		3ABDFFC410CD253400213059 /* EDMessage */ = {
			isa = PBXGroup;
			children = (
				3ABDFFDC10CD27EE00213059 /* Global Headers */,
				3ABDFFDD10CD282800213059 /* Foundation Extensions */,
				3ABDFFC610CD26C500213059 /* Message */,
				3ABDFFE210CD288500213059 /* HeaderFieldCoder */,
				3ABD032B10CD714200213059 /* ContentCoder */,
			);
			path = EDMessage;
			sourceTree = "<group>";
		};
		3ABDFFC610CD26C500213059 /* Message */ = {
			isa = PBXGroup;
			children = (
				3ABDFFD110CD272900213059 /* Headers */,
				3ABDFFD210CD273500213059 /* Classes */,
				3ABDFFD310CD275700213059 /* Other Sources */,
			);
			name = Message;
			sourceTree = "<group>";
		};
		3ABDFFD110CD272900213059 /* Headers */ = {
			isa = PBXGroup;
			children = (
				3ABDFFC710CD26F700213059 /* EDMConstants.h */,
				3ABDFFC810CD26F700213059 /* EDHeaderBearingObject.h */,
				3ABDFFC910CD26F700213059 /* EDMessagePart.h */,
				3ABDFFCA10CD26F700213059 /* EDInternetMessage.h */,
			);
			name = Headers;
			sourceTree = "<group>";
		};
		3ABDFFD210CD273500213059 /* Classes */ = {
			isa = PBXGroup;
			children = (
				3ABDFFCB10CD271F00213059 /* EDHeaderBearingObject.m */,
				3ABDFFCC10CD271F00213059 /* EDMessagePart.m */,
				3ABDFFCD10CD271F00213059 /* EDInternetMessage.m */,
			);
			name = Classes;
			sourceTree = "<group>";
		};
		3ABDFFD310CD275700213059 /* Other Sources */ = {
			isa = PBXGroup;
			children = (
				3ABDFFD410CD278700213059 /* EDMConstants.m */,
			);
			name = "Other Sources";
			sourceTree = "<group>";
		};
		3ABDFFDC10CD27EE00213059 /* Global Headers */ = {
			isa = PBXGroup;
			children = (
				3ABD038210CD792B00213059 /* EDMessage.h */,
				3ABDFFFF10CD292400213059 /* utilities.h */,
				3ABDFFD610CD27B700213059 /* EDMessageDefines.h */,
			);
			name = "Global Headers";
			sourceTree = "<group>";
		};
		3ABDFFDD10CD282800213059 /* Foundation Extensions */ = {
			isa = PBXGroup;
			children = (
				3ABD000510CD295100213059 /* Headers */,
				3ABD000410CD294A00213059 /* Classes */,
			);
			name = "Foundation Extensions";
			sourceTree = "<group>";
		};
		3ABDFFE210CD288500213059 /* HeaderFieldCoder */ = {
			isa = PBXGroup;
			children = (
				3ABDFFE310CD289B00213059 /* Headers */,
				3ABDFFE410CD28A500213059 /* Classes */,
				3ABDFFE510CD28AC00213059 /* Other Sources */,
			);
			name = HeaderFieldCoder;
			sourceTree = "<group>";
		};
		3ABDFFE310CD289B00213059 /* Headers */ = {
			isa = PBXGroup;
			children = (
				3ABDFFE610CD28CB00213059 /* EDDateFieldCoder.h */,
				3ABDFFE710CD28CB00213059 /* EDEntityFieldCoder.h */,
				3ABDFFE810CD28CB00213059 /* EDFaceFieldCoder.h */,
				3ABDFFE910CD28CB00213059 /* EDHeaderFieldCoder.h */,
				3ABDFFEA10CD28CB00213059 /* EDIdListFieldCoder.h */,
				3ABDFFEB10CD28CB00213059 /* EDTextFieldCoder.h */,
			);
			name = Headers;
			sourceTree = "<group>";
		};
		3ABDFFE410CD28A500213059 /* Classes */ = {
			isa = PBXGroup;
			children = (
				3ABDFFEC10CD28DB00213059 /* EDDateFieldCoder.m */,
				3ABDFFED10CD28DB00213059 /* EDEntityFieldCoder.m */,
				3ABDFFEE10CD28DB00213059 /* EDFaceFieldCoder.m */,
				3ABDFFEF10CD28DB00213059 /* EDHeaderFieldCoder.m */,
				3ABDFFF010CD28DB00213059 /* EDIdListFieldCoder.m */,
				3ABDFFF110CD28DB00213059 /* EDTextFieldCoder.m */,
			);
			name = Classes;
			sourceTree = "<group>";
		};
		3ABDFFE510CD28AC00213059 /* Other Sources */ = {
			isa = PBXGroup;
			children = (
				3ABDFFF810CD28F900213059 /* parsedate.y */,
			);
			name = "Other Sources";
			sourceTree = "<group>";
		};
		3ABE08DA10C85004007A2C9D /* Images */ = {
			isa = PBXGroup;
			children = (
				3A8EFC1010D270D000A0CFBC /* clip.png */,
				3AA8805710D02198000F9C5E /* log_off.png */,
				3AA8805810D02198000F9C5E /* log.png */,
				3AA8805910D02198000F9C5E /* stop_over.png */,
				3AA8805A10D02198000F9C5E /* stop_off.png */,
				3AA8805B10D02198000F9C5E /* stop.png */,
				3AA8805C10D02198000F9C5E /* log_over.png */,
				3AA8805D10D02198000F9C5E /* play_over.png */,
				3AA8805E10D02198000F9C5E /* play_off.png */,
				3AA8805F10D02198000F9C5E /* play.png */,
			);
			path = Images;
			sourceTree = "<group>";
		};
		3ADBD00C10AC7C68006C9DBE /* Model */ = {
			isa = PBXGroup;
			children = (
				3ADBD00910AC7C42006C9DBE /* Server.h */,
				3ADBD00A10AC7C42006C9DBE /* Server.m */,
				3ADBCF8410AB168B006C9DBE /* Folder.h */,
				3ADBCF8510AB168B006C9DBE /* Folder.m */,
				3ADBD03710AC814E006C9DBE /* User.h */,
				3ADBD03810AC814E006C9DBE /* User.m */,
				3A55F5FB10ADA9F1001B095C /* Message.h */,
				3A55F5FC10ADA9F1001B095C /* Message.m */,
				3A8EFAD810D1364900A0CFBC /* MessagePart.h */,
				3A8EFAD910D1364900A0CFBC /* MessagePart.m */,
				3A8EFADC10D1365E00A0CFBC /* MessageAttachment.h */,
				3A8EFADD10D1365E00A0CFBC /* MessageAttachment.m */,
			);
			path = Model;
			sourceTree = "<group>";
		};
		514E9E0C081EC698009B8CD9 /* Importer */ = {
			isa = PBXGroup;
			children = (
				514E9E11081EC6B8009B8CD9 /* main.c */,
				514E9E10081EC6B8009B8CD9 /* GetMetadataForFile.c */,
			);
			name = Importer;
			path = ../Importer;
			sourceTree = "<group>";
		};
		E1B74B1A0667B4A90069E3BA /* Models */ = {
			isa = PBXGroup;
			children = (
				775BDEF0067A8BF0009058FE /* Document.xcdatamodel */,
			);
			path = Models;
			sourceTree = "<group>";
		};
/* End PBXGroup section */

/* Begin PBXNativeTarget section */
		514E9DF8081EBF9C009B8CD9 /* MockSmtp Spotlight Importer */ = {
			isa = PBXNativeTarget;
			buildConfigurationList = 26FC0AC60875C91100E6366F /* Build configuration list for PBXNativeTarget "MockSmtp Spotlight Importer" */;
			buildPhases = (
				514E9DF5081EBF9C009B8CD9 /* Resources */,
				514E9DF6081EBF9C009B8CD9 /* Sources */,
				514E9DF7081EBF9C009B8CD9 /* Frameworks */,
			);
			buildRules = (
			);
			dependencies = (
			);
			name = "MockSmtp Spotlight Importer";
			productName = "MockSmtp Spotlight Importer";
			productReference = 514E9DF9081EBF9C009B8CD9 /* MockSmtp.mdimporter */;
			productType = "com.apple.product-type.bundle";
		};
		8D15AC270486D014006FF6A4 /* MockSmtp */ = {
			isa = PBXNativeTarget;
			buildConfigurationList = 26FC0ACA0875C91100E6366F /* Build configuration list for PBXNativeTarget "MockSmtp" */;
			buildPhases = (
				8D15AC2B0486D014006FF6A4 /* Resources */,
				8D15AC300486D014006FF6A4 /* Sources */,
				8D15AC330486D014006FF6A4 /* Frameworks */,
				514EA07C081ECB3F009B8CD9 /* CopyFiles */,
				3A5505B310BC0E30001B095C /* CopyFiles */,
			);
			buildRules = (
			);
			dependencies = (
				3A250C9A110099E100A8B674 /* PBXTargetDependency */,
				514EA067081EC8BF009B8CD9 /* PBXTargetDependency */,
			);
			name = MockSmtp;
			productInstallPath = "$(HOME)/Applications";
			productName = MockSmtp;
			productReference = 8D15AC370486D014006FF6A4 /* MockSmtp.app */;
			productType = "com.apple.product-type.application";
		};
/* End PBXNativeTarget section */

/* Begin PBXProject section */
		2A37F4A9FDCFA73011CA2CEA /* Project object */ = {
			isa = PBXProject;
			attributes = {
				BuildIndependentTargetsInParallel = YES;
			};
			buildConfigurationList = 26FC0ACE0875C91100E6366F /* Build configuration list for PBXProject "MockSmtp" */;
			compatibilityVersion = "Xcode 3.1";
			hasScannedForEncodings = 1;
			mainGroup = 2A37F4AAFDCFA73011CA2CEA /* MockSmtp */;
			projectDirPath = "";
			projectReferences = (
				{
					ProductGroup = 3A8C8DAF10F76D42007680DF /* Products */;
					ProjectRef = 3A6F7DE610E274F400FCCF2F /* SCTcpServer.xcodeproj */;
				},
			);
			projectRoot = "";
			targets = (
				8D15AC270486D014006FF6A4 /* MockSmtp */,
				514E9DF8081EBF9C009B8CD9 /* MockSmtp Spotlight Importer */,
			);
		};
/* End PBXProject section */

/* Begin PBXReferenceProxy section */
		3A8C8DB310F76D42007680DF /* SCTcpServer */ = {
			isa = PBXReferenceProxy;
			fileType = "compiled.mach-o.executable";
			path = SCTcpServer;
			remoteRef = 3A8C8DB210F76D42007680DF /* PBXContainerItemProxy */;
			sourceTree = BUILT_PRODUCTS_DIR;
		};
/* End PBXReferenceProxy section */

/* Begin PBXResourcesBuildPhase section */
		514E9DF5081EBF9C009B8CD9 /* Resources */ = {
			isa = PBXResourcesBuildPhase;
			buildActionMask = 2147483647;
			files = (
			);
			runOnlyForDeploymentPostprocessing = 0;
		};
		8D15AC2B0486D014006FF6A4 /* Resources */ = {
			isa = PBXResourcesBuildPhase;
			buildActionMask = 2147483647;
			files = (
				8D15AC2C0486D014006FF6A4 /* Credits.rtf in Resources */,
				8D15AC2F0486D014006FF6A4 /* InfoPlist.strings in Resources */,
				2F7446C30DB6CCE400F9684A /* MainMenu.xib in Resources */,
				2F7446C40DB6CCE400F9684A /* MainWindow.xib in Resources */,
				3ABE08CD10C84F9B007A2C9D /* Info.plist in Resources */,
				3A1722EF10C97DF8007E7EE3 /* TrialWindow.xib in Resources */,
				3AA8801B10D01E74000F9C5E /* icon.icns in Resources */,
				3AA8806010D02198000F9C5E /* log_off.png in Resources */,
				3AA8806110D02198000F9C5E /* log.png in Resources */,
				3AA8806210D02198000F9C5E /* stop_over.png in Resources */,
				3AA8806310D02198000F9C5E /* stop_off.png in Resources */,
				3AA8806410D02198000F9C5E /* stop.png in Resources */,
				3AA8806510D02198000F9C5E /* log_over.png in Resources */,
				3AA8806610D02198000F9C5E /* play_over.png in Resources */,
				3AA8806710D02198000F9C5E /* play_off.png in Resources */,
				3AA8806810D02198000F9C5E /* play.png in Resources */,
				3A8EFC1110D270D000A0CFBC /* clip.png in Resources */,
			);
			runOnlyForDeploymentPostprocessing = 0;
		};
/* End PBXResourcesBuildPhase section */

/* Begin PBXSourcesBuildPhase section */
		514E9DF6081EBF9C009B8CD9 /* Sources */ = {
			isa = PBXSourcesBuildPhase;
			buildActionMask = 2147483647;
			files = (
				514E9E12081EC6B8009B8CD9 /* GetMetadataForFile.c in Sources */,
				514E9E13081EC6B8009B8CD9 /* main.c in Sources */,
			);
			runOnlyForDeploymentPostprocessing = 0;
		};
		8D15AC300486D014006FF6A4 /* Sources */ = {
			isa = PBXSourcesBuildPhase;
			buildActionMask = 2147483647;
			files = (
				8D15AC310486D014006FF6A4 /* Document.m in Sources */,
				8D15AC320486D014006FF6A4 /* main.m in Sources */,
				775BDEF1067A8BF0009058FE /* Document.xcdatamodel in Sources */,
				3ADBCF8610AB168B006C9DBE /* Folder.m in Sources */,
				3ADBCFCF10AC6C63006C9DBE /* CenteredTextFieldCell.m in Sources */,
				3ADBD00B10AC7C42006C9DBE /* Server.m in Sources */,
				3ADBD03910AC814E006C9DBE /* User.m in Sources */,
				3A55F5FD10ADA9F1001B095C /* Message.m in Sources */,
				3A55F84310B30ECE001B095C /* WebViewController.m in Sources */,
				3A55FA4710B41C1D001B095C /* OutlineViewController.m in Sources */,
				3A55FA4A10B41C2B001B095C /* TableViewController.m in Sources */,
				3A55FCBD10B459FC001B095C /* TableView.m in Sources */,
				3A55FD8310B47491001B095C /* OutlineView.m in Sources */,
				3A55FF0710B570F9001B095C /* TcpServer.m in Sources */,
				3A55FF3D10B582C8001B095C /* SmtpServer.m in Sources */,
				3A55FF5310B59DC3001B095C /* ServerController.m in Sources */,
				3A5500B210B6B67E001B095C /* SmtpConnection.m in Sources */,
				3A5500B510B6BEA0001B095C /* SmtpSession.m in Sources */,
				3A5500B810B6DE96001B095C /* SmtpSessionState.m in Sources */,
				3A550C0710BC2F6B001B095C /* SegmentController.m in Sources */,
				3A550CB510BE7496001B095C /* DocumentController.m in Sources */,
				3A550D5210BE9F8D001B095C /* MainWindowController.m in Sources */,
				3ABE013710C42ECB007A2C9D /* PreferencesController.m in Sources */,
				3A17230310CA6F59007E7EE3 /* TrialWindowController.m in Sources */,
				3ABDFFCE10CD271F00213059 /* EDHeaderBearingObject.m in Sources */,
				3ABDFFCF10CD271F00213059 /* EDMessagePart.m in Sources */,
				3ABDFFD010CD271F00213059 /* EDInternetMessage.m in Sources */,
				3ABDFFD510CD278700213059 /* EDMConstants.m in Sources */,
				3ABDFFF210CD28DB00213059 /* EDDateFieldCoder.m in Sources */,
				3ABDFFF310CD28DB00213059 /* EDEntityFieldCoder.m in Sources */,
				3ABDFFF410CD28DB00213059 /* EDFaceFieldCoder.m in Sources */,
				3ABDFFF510CD28DB00213059 /* EDHeaderFieldCoder.m in Sources */,
				3ABDFFF610CD28DB00213059 /* EDIdListFieldCoder.m in Sources */,
				3ABDFFF710CD28DB00213059 /* EDTextFieldCoder.m in Sources */,
				3ABDFFF910CD28F900213059 /* parsedate.y in Sources */,
				3ABD000710CD296D00213059 /* NSData+MIME.m in Sources */,
				3ABD000910CD298900213059 /* NSString+MessageUtils.m in Sources */,
				3ABD000D10CD29A600213059 /* NSCharacterSet+MIME.m in Sources */,
				3ABD001510CD29C700213059 /* NSCalendarDate+NetExt.m in Sources */,
				3ABD001D10CD29E600213059 /* NSImage+XFace.m in Sources */,
				3ABD034810CD724300213059 /* NSString+PlainTextFlowedExtensions.m in Sources */,
				3ABD003310CD2CB100213059 /* NSString+Extensions.m in Sources */,
				3ABD004810CD2D3900213059 /* EDObjectPair.m in Sources */,
				3ABD004B10CD2D6C00213059 /* EDMutableObjectPair.m in Sources */,
				3ABD005A10CD2EAF00213059 /* EDIRCObject.m in Sources */,
				3ABD01E510CD35C700213059 /* EDStringScanner.m in Sources */,
				3ABD01EA10CD36C900213059 /* useful.m in Sources */,
				3ABD01F410CD375900213059 /* NSObject+Extensions.m in Sources */,
				3ABD020710CD38CF00213059 /* NSArray+Extensions.m in Sources */,
				3ABD020A10CD38F400213059 /* NSData+Extensions.m in Sources */,
				3ABD020D10CD391300213059 /* NSScanner+Extensions.m in Sources */,
				3ABD033B10CD718600213059 /* EDCompositeContentCoder.m in Sources */,
				3ABD033C10CD718600213059 /* EDContentCoder.m in Sources */,
				3ABD033D10CD718600213059 /* EDHTMLTextContentCoder.m in Sources */,
				3ABD033E10CD718600213059 /* EDMultimediaContentCoder.m in Sources */,
				3ABD033F10CD718600213059 /* EDPlainTextContentCoder.m in Sources */,
				3ABD034010CD718600213059 /* EDTextContentCoder.m in Sources */,
				3ABD035410CD72BE00213059 /* EDStack.m in Sources */,
				3ABD036F10CD739C00213059 /* NSAttributedString+Extensions.m in Sources */,
				3ABD07CB10CFE04500213059 /* MessageTransformer.m in Sources */,
				3A8EFADA10D1364900A0CFBC /* MessagePart.m in Sources */,
				3A8EFADE10D1365E00A0CFBC /* MessageAttachment.m in Sources */,
				3A8EFB3A10D1561000A0CFBC /* MessagePartTransformer.m in Sources */,
				3A8EFC1D10D2809400A0CFBC /* MessageAttachmentTransformer.m in Sources */,
				3A8EFC8F10D2A03400A0CFBC /* AttachmentsController.m in Sources */,
				3A8E102A10DFBDE800A0CFBC /* lcl.m in Sources */,
				3A8E106410DFC3C700A0CFBC /* LCLLogFile.m in Sources */,
				3A8C89A910F3A3F1007680DF /* NSFileManager+Extensions.m in Sources */,
				3A8C8A0110F4C85A007680DF /* SoftwareUpdateController.m in Sources */,
				3A8C8A5210F4DC21007680DF /* NSObject+SBJSON.m in Sources */,
				3A8C8A5310F4DC21007680DF /* NSString+SBJSON.m in Sources */,
				3A8C8A5410F4DC21007680DF /* SBJSON.m in Sources */,
				3A8C8A5510F4DC21007680DF /* SBJsonBase.m in Sources */,
				3A8C8A5610F4DC21007680DF /* SBJsonParser.m in Sources */,
				3A8C8A5710F4DC21007680DF /* SBJsonWriter.m in Sources */,
				3A8C8AFD10F500DF007680DF /* HandCursorTextField.m in Sources */,
				3A8C8B7410F513F6007680DF /* PortNumberFormatter.m in Sources */,
				3A8C8C7D10F6262C007680DF /* LicenseController.m in Sources */,
				3A250CBC1100B17800A8B674 /* LicenseInstallController.m in Sources */,
			);
			runOnlyForDeploymentPostprocessing = 0;
		};
/* End PBXSourcesBuildPhase section */

/* Begin PBXTargetDependency section */
		3A250C9A110099E100A8B674 /* PBXTargetDependency */ = {
			isa = PBXTargetDependency;
			name = SCTcpServer;
			targetProxy = 3A250C99110099E100A8B674 /* PBXContainerItemProxy */;
		};
		514EA067081EC8BF009B8CD9 /* PBXTargetDependency */ = {
			isa = PBXTargetDependency;
			target = 514E9DF8081EBF9C009B8CD9 /* MockSmtp Spotlight Importer */;
			targetProxy = 514EA066081EC8BF009B8CD9 /* PBXContainerItemProxy */;
		};
/* End PBXTargetDependency section */

/* Begin PBXVariantGroup section */
		089C165FFE840EACC02AAC07 /* InfoPlist.strings */ = {
			isa = PBXVariantGroup;
			children = (
				089C1660FE840EACC02AAC07 /* English */,
			);
			name = InfoPlist.strings;
			sourceTree = "<group>";
		};
		2A37F4B9FDCFA73011CA2CEA /* Credits.rtf */ = {
			isa = PBXVariantGroup;
			children = (
				2A37F4BAFDCFA73011CA2CEA /* English */,
			);
			name = Credits.rtf;
			sourceTree = "<group>";
		};
		2F7446BF0DB6CCE400F9684A /* MainMenu.xib */ = {
			isa = PBXVariantGroup;
			children = (
				2F7446C00DB6CCE400F9684A /* English */,
			);
			name = MainMenu.xib;
			sourceTree = "<group>";
		};
		2F7446C10DB6CCE400F9684A /* MainWindow.xib */ = {
			isa = PBXVariantGroup;
			children = (
				2F7446C20DB6CCE400F9684A /* English */,
			);
			name = MainWindow.xib;
			sourceTree = "<group>";
		};
/* End PBXVariantGroup section */

/* Begin XCBuildConfiguration section */
		26FC0AC70875C91100E6366F /* Debug */ = {
			isa = XCBuildConfiguration;
			buildSettings = {
				COPY_PHASE_STRIP = NO;
				GCC_DYNAMIC_NO_PIC = NO;
				GCC_ENABLE_FIX_AND_CONTINUE = YES;
				GCC_MODEL_TUNING = G5;
				GCC_OPTIMIZATION_LEVEL = 0;
				GCC_PRECOMPILE_PREFIX_HEADER = NO;
				INFOPLIST_FILE = "Importer/Importer-Info.plist";
				INSTALL_PATH = "@executable_path/../Contents/Library/Spotlight";
				LIBRARY_STYLE = BUNDLE;
				PRODUCT_NAME = MockSmtp;
				SKIP_INSTALL = YES;
				WRAPPER_EXTENSION = mdimporter;
			};
			name = Debug;
		};
		26FC0AC80875C91100E6366F /* Release */ = {
			isa = XCBuildConfiguration;
			buildSettings = {
				DEBUG_INFORMATION_FORMAT = "dwarf-with-dsym";
				GCC_MODEL_TUNING = G5;
				GCC_PRECOMPILE_PREFIX_HEADER = NO;
				INFOPLIST_FILE = "Importer/Importer-Info.plist";
				INSTALL_PATH = "@executable_path/../Contents/Library/Spotlight";
				LIBRARY_STYLE = BUNDLE;
				PRODUCT_NAME = MockSmtp;
				SKIP_INSTALL = YES;
				WRAPPER_EXTENSION = mdimporter;
			};
			name = Release;
		};
		26FC0ACB0875C91100E6366F /* Debug */ = {
			isa = XCBuildConfiguration;
			buildSettings = {
				ARCHS = "$(ARCHS_STANDARD_32_64_BIT)";
				COPY_PHASE_STRIP = NO;
				FRAMEWORK_SEARCH_PATHS = (
					"$(inherited)",
					"\"/Volumes/EDMessage 17\"",
					"\"$(SRCROOT)\"",
					"\"$(SRCROOT)/../../Desktop/Source/edmessage-17/build/Release\"",
					"\"$(SRCROOT)/../../Desktop/Source/edmessage-17/Dependencies/edcommon/build/Release\"",
					"\"/Volumes/EDCommon 34\"",
					"\"$(SRCROOT)/../../Desktop\"",
				);
				GCC_DYNAMIC_NO_PIC = NO;
				GCC_ENABLE_FIX_AND_CONTINUE = YES;
				GCC_ENABLE_OBJC_EXCEPTIONS = YES;
				GCC_MODEL_TUNING = G5;
				GCC_OPTIMIZATION_LEVEL = 0;
				GCC_PRECOMPILE_PREFIX_HEADER = YES;
				GCC_PREFIX_HEADER = MockSmtp_Prefix.pch;
				INFOPLIST_FILE = Info.plist;
				INSTALL_PATH = "$(HOME)/Applications";
				PRODUCT_NAME = MockSmtp;
				WRAPPER_EXTENSION = app;
			};
			name = Debug;
		};
		26FC0ACC0875C91100E6366F /* Release */ = {
			isa = XCBuildConfiguration;
			buildSettings = {
				ARCHS = "$(ARCHS_STANDARD_32_64_BIT)";
				DEBUG_INFORMATION_FORMAT = "dwarf-with-dsym";
				FRAMEWORK_SEARCH_PATHS = (
					"$(inherited)",
					"\"/Volumes/EDMessage 17\"",
					"\"$(SRCROOT)\"",
					"\"$(SRCROOT)/../../Desktop/Source/edmessage-17/build/Release\"",
					"\"$(SRCROOT)/../../Desktop/Source/edmessage-17/Dependencies/edcommon/build/Release\"",
					"\"/Volumes/EDCommon 34\"",
					"\"$(SRCROOT)/../../Desktop\"",
				);
				GCC_ENABLE_OBJC_EXCEPTIONS = YES;
				GCC_MODEL_TUNING = G5;
				GCC_PRECOMPILE_PREFIX_HEADER = YES;
				GCC_PREFIX_HEADER = MockSmtp_Prefix.pch;
				INFOPLIST_FILE = Info.plist;
				INSTALL_PATH = "$(HOME)/Applications";
				PRODUCT_NAME = MockSmtp;
				WRAPPER_EXTENSION = app;
			};
			name = Release;
		};
		26FC0ACF0875C91100E6366F /* Debug */ = {
			isa = XCBuildConfiguration;
			buildSettings = {
				ARCHS = "$(ARCHS_STANDARD_32_64_BIT)";
				GCC_C_LANGUAGE_STANDARD = c99;
				GCC_ENABLE_OBJC_GC = required;
				GCC_WARN_ABOUT_RETURN_TYPE = YES;
				GCC_WARN_UNUSED_VARIABLE = YES;
				ONLY_ACTIVE_ARCH = NO;
				PREBINDING = NO;
				SDKROOT = macosx10.5;
			};
			name = Debug;
		};
		26FC0AD00875C91100E6366F /* Release */ = {
			isa = XCBuildConfiguration;
			buildSettings = {
				ARCHS = "$(ARCHS_STANDARD_32_64_BIT)";
				GCC_C_LANGUAGE_STANDARD = c99;
				GCC_ENABLE_OBJC_GC = required;
				GCC_WARN_ABOUT_RETURN_TYPE = YES;
				GCC_WARN_UNUSED_VARIABLE = YES;
				ONLY_ACTIVE_ARCH = NO;
				PREBINDING = NO;
				SDKROOT = macosx10.5;
			};
			name = Release;
		};
/* End XCBuildConfiguration section */

/* Begin XCConfigurationList section */
		26FC0AC60875C91100E6366F /* Build configuration list for PBXNativeTarget "MockSmtp Spotlight Importer" */ = {
			isa = XCConfigurationList;
			buildConfigurations = (
				26FC0AC70875C91100E6366F /* Debug */,
				26FC0AC80875C91100E6366F /* Release */,
			);
			defaultConfigurationIsVisible = 0;
			defaultConfigurationName = Release;
		};
		26FC0ACA0875C91100E6366F /* Build configuration list for PBXNativeTarget "MockSmtp" */ = {
			isa = XCConfigurationList;
			buildConfigurations = (
				26FC0ACB0875C91100E6366F /* Debug */,
				26FC0ACC0875C91100E6366F /* Release */,
			);
			defaultConfigurationIsVisible = 0;
			defaultConfigurationName = Release;
		};
		26FC0ACE0875C91100E6366F /* Build configuration list for PBXProject "MockSmtp" */ = {
			isa = XCConfigurationList;
			buildConfigurations = (
				26FC0ACF0875C91100E6366F /* Debug */,
				26FC0AD00875C91100E6366F /* Release */,
			);
			defaultConfigurationIsVisible = 0;
			defaultConfigurationName = Release;
		};
/* End XCConfigurationList section */
	};
	rootObject = 2A37F4A9FDCFA73011CA2CEA /* Project object */;
}
