// !$*UTF8*$!
{
	archiveVersion = 1;
	classes = {
	};
	objectVersion = 45;
	objects = {

/* Begin PBXBuildFile section */
		2F7446C30DB6CCE400F9684A /* MainMenu.xib in Resources */ = {isa = PBXBuildFile; fileRef = 2F7446BF0DB6CCE400F9684A /* MainMenu.xib */; };
		2F7446C40DB6CCE400F9684A /* MainWindow.xib in Resources */ = {isa = PBXBuildFile; fileRef = 2F7446C10DB6CCE400F9684A /* MainWindow.xib */; };
		3A5500B210B6B67E001B095C /* SmtpConnection.m in Sources */ = {isa = PBXBuildFile; fileRef = 3A5500B110B6B67E001B095C /* SmtpConnection.m */; };
		3A5500B510B6BEA0001B095C /* SmtpSession.m in Sources */ = {isa = PBXBuildFile; fileRef = 3A5500B410B6BEA0001B095C /* SmtpSession.m */; };
		3A5500B810B6DE96001B095C /* SmtpSessionState.m in Sources */ = {isa = PBXBuildFile; fileRef = 3A5500B710B6DE96001B095C /* SmtpSessionState.m */; };
		3A550C0710BC2F6B001B095C /* SegmentController.m in Sources */ = {isa = PBXBuildFile; fileRef = 3A550C0610BC2F6B001B095C /* SegmentController.m */; };
		3A550C6810BC39EF001B095C /* play-icon-128.png in Resources */ = {isa = PBXBuildFile; fileRef = 3A550C6710BC39EF001B095C /* play-icon-128.png */; };
		3A550C6C10BC3A3E001B095C /* stop-icon-128.png in Resources */ = {isa = PBXBuildFile; fileRef = 3A550C6B10BC3A3E001B095C /* stop-icon-128.png */; };
		3A550CB510BE7496001B095C /* DocumentController.m in Sources */ = {isa = PBXBuildFile; fileRef = 3A550CB410BE7496001B095C /* DocumentController.m */; };
		3A550D5210BE9F8D001B095C /* MainWindowController.m in Sources */ = {isa = PBXBuildFile; fileRef = 3A550D5110BE9F8D001B095C /* MainWindowController.m */; };
		3A550DA110BEA346001B095C /* NewServerWindowController.m in Sources */ = {isa = PBXBuildFile; fileRef = 3A550DA010BEA346001B095C /* NewServerWindowController.m */; };
		3A550DA310BEA398001B095C /* NewServerWindow.xib in Resources */ = {isa = PBXBuildFile; fileRef = 3A550DA210BEA398001B095C /* NewServerWindow.xib */; };
		3A55F5FD10ADA9F1001B095C /* Message.m in Sources */ = {isa = PBXBuildFile; fileRef = 3A55F5FC10ADA9F1001B095C /* Message.m */; };
		3A55F84310B30ECE001B095C /* WebViewController.m in Sources */ = {isa = PBXBuildFile; fileRef = 3A55F84210B30ECE001B095C /* WebViewController.m */; };
		3A55FA4710B41C1D001B095C /* OutlineViewController.m in Sources */ = {isa = PBXBuildFile; fileRef = 3A55FA4610B41C1D001B095C /* OutlineViewController.m */; };
		3A55FA4A10B41C2B001B095C /* TableViewController.m in Sources */ = {isa = PBXBuildFile; fileRef = 3A55FA4910B41C2B001B095C /* TableViewController.m */; };
		3A55FCBD10B459FC001B095C /* TableView.m in Sources */ = {isa = PBXBuildFile; fileRef = 3A55FCBC10B459FC001B095C /* TableView.m */; };
		3A55FD8310B47491001B095C /* OutlineView.m in Sources */ = {isa = PBXBuildFile; fileRef = 3A55FD8210B47491001B095C /* OutlineView.m */; };
		3A55FF0710B570F9001B095C /* TcpServer.m in Sources */ = {isa = PBXBuildFile; fileRef = 3A55FF0610B570F9001B095C /* TcpServer.m */; };
		3A55FF3D10B582C8001B095C /* SmtpServer.m in Sources */ = {isa = PBXBuildFile; fileRef = 3A55FF3C10B582C8001B095C /* SmtpServer.m */; };
		3A55FF5310B59DC3001B095C /* ServerController.m in Sources */ = {isa = PBXBuildFile; fileRef = 3A55FF5210B59DC3001B095C /* ServerController.m */; };
		3ABE013710C42ECB007A2C9D /* PreferencesController.m in Sources */ = {isa = PBXBuildFile; fileRef = 3ABE013610C42ECB007A2C9D /* PreferencesController.m */; };
		3ABE08CD10C84F9B007A2C9D /* Info.plist in Resources */ = {isa = PBXBuildFile; fileRef = 8D15AC360486D014006FF6A4 /* Info.plist */; };
		3ADBCF8610AB168B006C9DBE /* Folder.m in Sources */ = {isa = PBXBuildFile; fileRef = 3ADBCF8510AB168B006C9DBE /* Folder.m */; };
		3ADBCFCF10AC6C63006C9DBE /* CenteredTextFieldCell.m in Sources */ = {isa = PBXBuildFile; fileRef = 3ADBCFCE10AC6C63006C9DBE /* CenteredTextFieldCell.m */; };
		3ADBCFD210AC6C96006C9DBE /* WebKit.framework in Frameworks */ = {isa = PBXBuildFile; fileRef = 3ADBCFD110AC6C96006C9DBE /* WebKit.framework */; };
		3ADBD00B10AC7C42006C9DBE /* Server.m in Sources */ = {isa = PBXBuildFile; fileRef = 3ADBD00A10AC7C42006C9DBE /* Server.m */; };
		3ADBD03910AC814E006C9DBE /* User.m in Sources */ = {isa = PBXBuildFile; fileRef = 3ADBD03810AC814E006C9DBE /* User.m */; };
		514E9E12081EC6B8009B8CD9 /* GetMetadataForFile.c in Sources */ = {isa = PBXBuildFile; fileRef = 514E9E10081EC6B8009B8CD9 /* GetMetadataForFile.c */; };
		514E9E13081EC6B8009B8CD9 /* main.c in Sources */ = {isa = PBXBuildFile; fileRef = 514E9E11081EC6B8009B8CD9 /* main.c */; };
		514E9E2E081EC793009B8CD9 /* CoreServices.framework in Frameworks */ = {isa = PBXBuildFile; fileRef = 514E9E2D081EC793009B8CD9 /* CoreServices.framework */; };
		514EA010081EC7AA009B8CD9 /* Foundation.framework in Frameworks */ = {isa = PBXBuildFile; fileRef = 2A37F4C5FDCFA73011CA2CEA /* Foundation.framework */; };
		514EA011081EC7AB009B8CD9 /* CoreData.framework in Frameworks */ = {isa = PBXBuildFile; fileRef = 7788DA0506752A1600599AAD /* CoreData.framework */; };
		514EA015081EC7C3009B8CD9 /* CoreFoundation.framework in Frameworks */ = {isa = PBXBuildFile; fileRef = 514EA014081EC7C3009B8CD9 /* CoreFoundation.framework */; };
		514EA082081ECB54009B8CD9 /* SmtpTestServer.mdimporter in CopyFiles */ = {isa = PBXBuildFile; fileRef = 514E9DF9081EBF9C009B8CD9 /* SmtpTestServer.mdimporter */; };
		775BDEF1067A8BF0009058FE /* Document.xcdatamodel in Sources */ = {isa = PBXBuildFile; fileRef = 775BDEF0067A8BF0009058FE /* Document.xcdatamodel */; };
		775DFF38067A968500C5B868 /* Cocoa.framework in Frameworks */ = {isa = PBXBuildFile; fileRef = 1058C7A7FEA54F5311CA2CBB /* Cocoa.framework */; };
		8D15AC2C0486D014006FF6A4 /* Credits.rtf in Resources */ = {isa = PBXBuildFile; fileRef = 2A37F4B9FDCFA73011CA2CEA /* Credits.rtf */; };
		8D15AC2F0486D014006FF6A4 /* InfoPlist.strings in Resources */ = {isa = PBXBuildFile; fileRef = 089C165FFE840EACC02AAC07 /* InfoPlist.strings */; };
		8D15AC310486D014006FF6A4 /* Document.m in Sources */ = {isa = PBXBuildFile; fileRef = 2A37F4ACFDCFA73011CA2CEA /* Document.m */; settings = {ATTRIBUTES = (); }; };
		8D15AC320486D014006FF6A4 /* main.m in Sources */ = {isa = PBXBuildFile; fileRef = 2A37F4B0FDCFA73011CA2CEA /* main.m */; settings = {ATTRIBUTES = (); }; };
/* End PBXBuildFile section */

/* Begin PBXContainerItemProxy section */
		514EA066081EC8BF009B8CD9 /* PBXContainerItemProxy */ = {
			isa = PBXContainerItemProxy;
			containerPortal = 2A37F4A9FDCFA73011CA2CEA /* Project object */;
			proxyType = 1;
			remoteGlobalIDString = 514E9DF8081EBF9C009B8CD9;
			remoteInfo = "SmtpTestServer Spotlight Importer";
		};
/* End PBXContainerItemProxy section */

/* Begin PBXCopyFilesBuildPhase section */
		3A5505B310BC0E30001B095C /* CopyFiles */ = {
			isa = PBXCopyFilesBuildPhase;
			buildActionMask = 2147483647;
			dstPath = "";
			dstSubfolderSpec = 10;
			files = (
			);
			runOnlyForDeploymentPostprocessing = 0;
		};
		514EA07C081ECB3F009B8CD9 /* CopyFiles */ = {
			isa = PBXCopyFilesBuildPhase;
			buildActionMask = 2147483647;
			dstPath = ../Library/Spotlight;
			dstSubfolderSpec = 7;
			files = (
				514EA082081ECB54009B8CD9 /* SmtpTestServer.mdimporter in CopyFiles */,
			);
			runOnlyForDeploymentPostprocessing = 0;
		};
/* End PBXCopyFilesBuildPhase section */

/* Begin PBXFileReference section */
		089C1660FE840EACC02AAC07 /* English */ = {isa = PBXFileReference; fileEncoding = 10; lastKnownFileType = text.plist.strings; name = English; path = English.lproj/InfoPlist.strings; sourceTree = "<group>"; };
		1058C7A7FEA54F5311CA2CBB /* Cocoa.framework */ = {isa = PBXFileReference; lastKnownFileType = wrapper.framework; name = Cocoa.framework; path = /System/Library/Frameworks/Cocoa.framework; sourceTree = "<absolute>"; };
		2A37F4ACFDCFA73011CA2CEA /* Document.m */ = {isa = PBXFileReference; fileEncoding = 4; lastKnownFileType = sourcecode.c.objc; path = Document.m; sourceTree = "<group>"; };
		2A37F4AEFDCFA73011CA2CEA /* Document.h */ = {isa = PBXFileReference; fileEncoding = 4; lastKnownFileType = sourcecode.c.h; path = Document.h; sourceTree = "<group>"; };
		2A37F4B0FDCFA73011CA2CEA /* main.m */ = {isa = PBXFileReference; fileEncoding = 4; lastKnownFileType = sourcecode.c.objc; path = main.m; sourceTree = "<group>"; };
		2A37F4BAFDCFA73011CA2CEA /* English */ = {isa = PBXFileReference; lastKnownFileType = text.rtf; name = English; path = English.lproj/Credits.rtf; sourceTree = "<group>"; };
		2A37F4C4FDCFA73011CA2CEA /* AppKit.framework */ = {isa = PBXFileReference; lastKnownFileType = wrapper.framework; name = AppKit.framework; path = /System/Library/Frameworks/AppKit.framework; sourceTree = "<absolute>"; };
		2A37F4C5FDCFA73011CA2CEA /* Foundation.framework */ = {isa = PBXFileReference; lastKnownFileType = wrapper.framework; name = Foundation.framework; path = /System/Library/Frameworks/Foundation.framework; sourceTree = "<absolute>"; };
		2F7446C00DB6CCE400F9684A /* English */ = {isa = PBXFileReference; lastKnownFileType = file.xib; name = English; path = English.lproj/MainMenu.xib; sourceTree = "<group>"; };
		2F7446C20DB6CCE400F9684A /* English */ = {isa = PBXFileReference; lastKnownFileType = file.xib; name = English; path = English.lproj/MainWindow.xib; sourceTree = "<group>"; };
		32DBCF750370BD2300C91783 /* SmtpTestServer_Prefix.pch */ = {isa = PBXFileReference; fileEncoding = 4; lastKnownFileType = sourcecode.c.h; path = SmtpTestServer_Prefix.pch; sourceTree = "<group>"; };
		3A5500B010B6B67E001B095C /* SmtpConnection.h */ = {isa = PBXFileReference; fileEncoding = 4; lastKnownFileType = sourcecode.c.h; path = SmtpConnection.h; sourceTree = "<group>"; };
		3A5500B110B6B67E001B095C /* SmtpConnection.m */ = {isa = PBXFileReference; fileEncoding = 4; lastKnownFileType = sourcecode.c.objc; path = SmtpConnection.m; sourceTree = "<group>"; };
		3A5500B310B6BEA0001B095C /* SmtpSession.h */ = {isa = PBXFileReference; fileEncoding = 4; lastKnownFileType = sourcecode.c.h; path = SmtpSession.h; sourceTree = "<group>"; };
		3A5500B410B6BEA0001B095C /* SmtpSession.m */ = {isa = PBXFileReference; fileEncoding = 4; lastKnownFileType = sourcecode.c.objc; path = SmtpSession.m; sourceTree = "<group>"; };
		3A5500B610B6DE96001B095C /* SmtpSessionState.h */ = {isa = PBXFileReference; fileEncoding = 4; lastKnownFileType = sourcecode.c.h; path = SmtpSessionState.h; sourceTree = "<group>"; };
		3A5500B710B6DE96001B095C /* SmtpSessionState.m */ = {isa = PBXFileReference; fileEncoding = 4; lastKnownFileType = sourcecode.c.objc; path = SmtpSessionState.m; sourceTree = "<group>"; };
		3A550C0510BC2F6B001B095C /* SegmentController.h */ = {isa = PBXFileReference; fileEncoding = 4; lastKnownFileType = sourcecode.c.h; path = SegmentController.h; sourceTree = "<group>"; };
		3A550C0610BC2F6B001B095C /* SegmentController.m */ = {isa = PBXFileReference; fileEncoding = 4; lastKnownFileType = sourcecode.c.objc; path = SegmentController.m; sourceTree = "<group>"; };
		3A550C6710BC39EF001B095C /* play-icon-128.png */ = {isa = PBXFileReference; lastKnownFileType = image.png; path = "play-icon-128.png"; sourceTree = "<group>"; };
		3A550C6B10BC3A3E001B095C /* stop-icon-128.png */ = {isa = PBXFileReference; lastKnownFileType = image.png; path = "stop-icon-128.png"; sourceTree = "<group>"; };
		3A550CB310BE7496001B095C /* DocumentController.h */ = {isa = PBXFileReference; fileEncoding = 4; lastKnownFileType = sourcecode.c.h; path = DocumentController.h; sourceTree = "<group>"; };
		3A550CB410BE7496001B095C /* DocumentController.m */ = {isa = PBXFileReference; fileEncoding = 4; lastKnownFileType = sourcecode.c.objc; path = DocumentController.m; sourceTree = "<group>"; };
		3A550D5010BE9F8D001B095C /* MainWindowController.h */ = {isa = PBXFileReference; fileEncoding = 4; lastKnownFileType = sourcecode.c.h; path = MainWindowController.h; sourceTree = "<group>"; };
		3A550D5110BE9F8D001B095C /* MainWindowController.m */ = {isa = PBXFileReference; fileEncoding = 4; lastKnownFileType = sourcecode.c.objc; path = MainWindowController.m; sourceTree = "<group>"; };
		3A550D9F10BEA346001B095C /* NewServerWindowController.h */ = {isa = PBXFileReference; fileEncoding = 4; lastKnownFileType = sourcecode.c.h; path = NewServerWindowController.h; sourceTree = "<group>"; };
		3A550DA010BEA346001B095C /* NewServerWindowController.m */ = {isa = PBXFileReference; fileEncoding = 4; lastKnownFileType = sourcecode.c.objc; path = NewServerWindowController.m; sourceTree = "<group>"; };
		3A550DA210BEA398001B095C /* NewServerWindow.xib */ = {isa = PBXFileReference; lastKnownFileType = file.xib; path = NewServerWindow.xib; sourceTree = "<group>"; };
		3A55F5FB10ADA9F1001B095C /* Message.h */ = {isa = PBXFileReference; fileEncoding = 4; lastKnownFileType = sourcecode.c.h; path = Message.h; sourceTree = "<group>"; };
		3A55F5FC10ADA9F1001B095C /* Message.m */ = {isa = PBXFileReference; fileEncoding = 4; lastKnownFileType = sourcecode.c.objc; path = Message.m; sourceTree = "<group>"; };
		3A55F84110B30ECE001B095C /* WebViewController.h */ = {isa = PBXFileReference; fileEncoding = 4; lastKnownFileType = sourcecode.c.h; path = WebViewController.h; sourceTree = "<group>"; };
		3A55F84210B30ECE001B095C /* WebViewController.m */ = {isa = PBXFileReference; fileEncoding = 4; lastKnownFileType = sourcecode.c.objc; path = WebViewController.m; sourceTree = "<group>"; };
		3A55FA4510B41C1D001B095C /* OutlineViewController.h */ = {isa = PBXFileReference; fileEncoding = 4; lastKnownFileType = sourcecode.c.h; path = OutlineViewController.h; sourceTree = "<group>"; };
		3A55FA4610B41C1D001B095C /* OutlineViewController.m */ = {isa = PBXFileReference; fileEncoding = 4; lastKnownFileType = sourcecode.c.objc; path = OutlineViewController.m; sourceTree = "<group>"; };
		3A55FA4810B41C2B001B095C /* TableViewController.h */ = {isa = PBXFileReference; fileEncoding = 4; lastKnownFileType = sourcecode.c.h; path = TableViewController.h; sourceTree = "<group>"; };
		3A55FA4910B41C2B001B095C /* TableViewController.m */ = {isa = PBXFileReference; fileEncoding = 4; lastKnownFileType = sourcecode.c.objc; path = TableViewController.m; sourceTree = "<group>"; };
		3A55FCBB10B459FC001B095C /* TableView.h */ = {isa = PBXFileReference; fileEncoding = 4; lastKnownFileType = sourcecode.c.h; path = TableView.h; sourceTree = "<group>"; };
		3A55FCBC10B459FC001B095C /* TableView.m */ = {isa = PBXFileReference; fileEncoding = 4; lastKnownFileType = sourcecode.c.objc; path = TableView.m; sourceTree = "<group>"; };
		3A55FD8110B47491001B095C /* OutlineView.h */ = {isa = PBXFileReference; fileEncoding = 4; lastKnownFileType = sourcecode.c.h; path = OutlineView.h; sourceTree = "<group>"; };
		3A55FD8210B47491001B095C /* OutlineView.m */ = {isa = PBXFileReference; fileEncoding = 4; lastKnownFileType = sourcecode.c.objc; path = OutlineView.m; sourceTree = "<group>"; };
		3A55FF0510B570F9001B095C /* TcpServer.h */ = {isa = PBXFileReference; fileEncoding = 4; lastKnownFileType = sourcecode.c.h; path = TcpServer.h; sourceTree = "<group>"; };
		3A55FF0610B570F9001B095C /* TcpServer.m */ = {isa = PBXFileReference; fileEncoding = 4; lastKnownFileType = sourcecode.c.objc; path = TcpServer.m; sourceTree = "<group>"; };
		3A55FF3B10B582C8001B095C /* SmtpServer.h */ = {isa = PBXFileReference; fileEncoding = 4; lastKnownFileType = sourcecode.c.h; path = SmtpServer.h; sourceTree = "<group>"; };
		3A55FF3C10B582C8001B095C /* SmtpServer.m */ = {isa = PBXFileReference; fileEncoding = 4; lastKnownFileType = sourcecode.c.objc; path = SmtpServer.m; sourceTree = "<group>"; };
		3A55FF5110B59DC3001B095C /* ServerController.h */ = {isa = PBXFileReference; fileEncoding = 4; lastKnownFileType = sourcecode.c.h; path = ServerController.h; sourceTree = "<group>"; };
		3A55FF5210B59DC3001B095C /* ServerController.m */ = {isa = PBXFileReference; fileEncoding = 4; lastKnownFileType = sourcecode.c.objc; path = ServerController.m; sourceTree = "<group>"; };
		3ABE013510C42ECB007A2C9D /* PreferencesController.h */ = {isa = PBXFileReference; fileEncoding = 4; lastKnownFileType = sourcecode.c.h; path = PreferencesController.h; sourceTree = "<group>"; };
		3ABE013610C42ECB007A2C9D /* PreferencesController.m */ = {isa = PBXFileReference; fileEncoding = 4; lastKnownFileType = sourcecode.c.objc; path = PreferencesController.m; sourceTree = "<group>"; };
		3ADBCF8410AB168B006C9DBE /* Folder.h */ = {isa = PBXFileReference; fileEncoding = 4; lastKnownFileType = sourcecode.c.h; path = Folder.h; sourceTree = "<group>"; };
		3ADBCF8510AB168B006C9DBE /* Folder.m */ = {isa = PBXFileReference; fileEncoding = 4; lastKnownFileType = sourcecode.c.objc; path = Folder.m; sourceTree = "<group>"; };
		3ADBCFCD10AC6C63006C9DBE /* CenteredTextFieldCell.h */ = {isa = PBXFileReference; fileEncoding = 4; lastKnownFileType = sourcecode.c.h; path = CenteredTextFieldCell.h; sourceTree = "<group>"; };
		3ADBCFCE10AC6C63006C9DBE /* CenteredTextFieldCell.m */ = {isa = PBXFileReference; fileEncoding = 4; lastKnownFileType = sourcecode.c.objc; path = CenteredTextFieldCell.m; sourceTree = "<group>"; };
		3ADBCFD110AC6C96006C9DBE /* WebKit.framework */ = {isa = PBXFileReference; lastKnownFileType = wrapper.framework; name = WebKit.framework; path = System/Library/Frameworks/WebKit.framework; sourceTree = SDKROOT; };
		3ADBD00910AC7C42006C9DBE /* Server.h */ = {isa = PBXFileReference; fileEncoding = 4; lastKnownFileType = sourcecode.c.h; path = Server.h; sourceTree = "<group>"; };
		3ADBD00A10AC7C42006C9DBE /* Server.m */ = {isa = PBXFileReference; fileEncoding = 4; lastKnownFileType = sourcecode.c.objc; path = Server.m; sourceTree = "<group>"; };
		3ADBD03710AC814E006C9DBE /* User.h */ = {isa = PBXFileReference; fileEncoding = 4; lastKnownFileType = sourcecode.c.h; path = User.h; sourceTree = "<group>"; };
		3ADBD03810AC814E006C9DBE /* User.m */ = {isa = PBXFileReference; fileEncoding = 4; lastKnownFileType = sourcecode.c.objc; path = User.m; sourceTree = "<group>"; };
		514E9DF9081EBF9C009B8CD9 /* SmtpTestServer.mdimporter */ = {isa = PBXFileReference; explicitFileType = wrapper.cfbundle; includeInIndex = 0; path = SmtpTestServer.mdimporter; sourceTree = BUILT_PRODUCTS_DIR; };
		514E9DFA081EBF9C009B8CD9 /* Importer-Info.plist */ = {isa = PBXFileReference; lastKnownFileType = text.plist.xml; name = "Importer-Info.plist"; path = "../Importer/Importer-Info.plist"; sourceTree = "<group>"; };
		514E9E10081EC6B8009B8CD9 /* GetMetadataForFile.c */ = {isa = PBXFileReference; explicitFileType = sourcecode.c.objc; fileEncoding = 30; path = GetMetadataForFile.c; sourceTree = "<group>"; };
		514E9E11081EC6B8009B8CD9 /* main.c */ = {isa = PBXFileReference; fileEncoding = 30; lastKnownFileType = sourcecode.c.c; path = main.c; sourceTree = "<group>"; };
		514E9E16081EC6D5009B8CD9 /* Importer Read Me.txt */ = {isa = PBXFileReference; fileEncoding = 30; lastKnownFileType = text; name = "Importer Read Me.txt"; path = "Importer/Importer Read Me.txt"; sourceTree = "<group>"; };
		514E9E2D081EC793009B8CD9 /* CoreServices.framework */ = {isa = PBXFileReference; lastKnownFileType = wrapper.framework; name = CoreServices.framework; path = /System/Library/Frameworks/CoreServices.framework; sourceTree = "<absolute>"; };
		514EA014081EC7C3009B8CD9 /* CoreFoundation.framework */ = {isa = PBXFileReference; lastKnownFileType = wrapper.framework; name = CoreFoundation.framework; path = /System/Library/Frameworks/CoreFoundation.framework; sourceTree = "<absolute>"; };
		775BDEF0067A8BF0009058FE /* Document.xcdatamodel */ = {isa = PBXFileReference; fileEncoding = 4; lastKnownFileType = wrapper.xcdatamodel; path = Document.xcdatamodel; sourceTree = "<group>"; };
		7788DA0506752A1600599AAD /* CoreData.framework */ = {isa = PBXFileReference; lastKnownFileType = wrapper.framework; name = CoreData.framework; path = /System/Library/Frameworks/CoreData.framework; sourceTree = "<absolute>"; };
		8D15AC360486D014006FF6A4 /* Info.plist */ = {isa = PBXFileReference; fileEncoding = 4; lastKnownFileType = text.plist.xml; name = Info.plist; path = ../Info.plist; sourceTree = "<group>"; };
		8D15AC370486D014006FF6A4 /* SmtpTestServer.app */ = {isa = PBXFileReference; explicitFileType = wrapper.application; includeInIndex = 0; path = SmtpTestServer.app; sourceTree = BUILT_PRODUCTS_DIR; };
/* End PBXFileReference section */

/* Begin PBXFrameworksBuildPhase section */
		514E9DF7081EBF9C009B8CD9 /* Frameworks */ = {
			isa = PBXFrameworksBuildPhase;
			buildActionMask = 2147483647;
			files = (
				514EA015081EC7C3009B8CD9 /* CoreFoundation.framework in Frameworks */,
				514EA011081EC7AB009B8CD9 /* CoreData.framework in Frameworks */,
				514EA010081EC7AA009B8CD9 /* Foundation.framework in Frameworks */,
				514E9E2E081EC793009B8CD9 /* CoreServices.framework in Frameworks */,
			);
			runOnlyForDeploymentPostprocessing = 0;
		};
		8D15AC330486D014006FF6A4 /* Frameworks */ = {
			isa = PBXFrameworksBuildPhase;
			buildActionMask = 2147483647;
			files = (
				775DFF38067A968500C5B868 /* Cocoa.framework in Frameworks */,
				3ADBCFD210AC6C96006C9DBE /* WebKit.framework in Frameworks */,
			);
			runOnlyForDeploymentPostprocessing = 0;
		};
/* End PBXFrameworksBuildPhase section */

/* Begin PBXGroup section */
		1058C7A6FEA54F5311CA2CBB /* Linked Frameworks */ = {
			isa = PBXGroup;
			children = (
				3ADBCFD110AC6C96006C9DBE /* WebKit.framework */,
				1058C7A7FEA54F5311CA2CBB /* Cocoa.framework */,
				514EA014081EC7C3009B8CD9 /* CoreFoundation.framework */,
				514E9E2D081EC793009B8CD9 /* CoreServices.framework */,
				2A37F4C5FDCFA73011CA2CEA /* Foundation.framework */,
				7788DA0506752A1600599AAD /* CoreData.framework */,
			);
			name = "Linked Frameworks";
			sourceTree = "<group>";
		};
		1058C7A8FEA54F5311CA2CBB /* Other Frameworks */ = {
			isa = PBXGroup;
			children = (
				2A37F4C4FDCFA73011CA2CEA /* AppKit.framework */,
			);
			name = "Other Frameworks";
			sourceTree = "<group>";
		};
		19C28FB0FE9D524F11CA2CBB /* Products */ = {
			isa = PBXGroup;
			children = (
				8D15AC370486D014006FF6A4 /* SmtpTestServer.app */,
				514E9DF9081EBF9C009B8CD9 /* SmtpTestServer.mdimporter */,
			);
			name = Products;
			sourceTree = "<group>";
		};
		2A37F4AAFDCFA73011CA2CEA /* SmtpTestServer */ = {
			isa = PBXGroup;
			children = (
				E1B74B1A0667B4A90069E3BA /* Models */,
				2A37F4ABFDCFA73011CA2CEA /* Classes */,
				2A37F4AFFDCFA73011CA2CEA /* Other Sources */,
				2A37F4B8FDCFA73011CA2CEA /* Resources */,
				2A37F4C3FDCFA73011CA2CEA /* Frameworks */,
				19C28FB0FE9D524F11CA2CBB /* Products */,
				514E9E16081EC6D5009B8CD9 /* Importer Read Me.txt */,
			);
			name = SmtpTestServer;
			sourceTree = "<group>";
		};
		2A37F4ABFDCFA73011CA2CEA /* Classes */ = {
			isa = PBXGroup;
			children = (
				3ADBD00C10AC7C68006C9DBE /* Model */,
				3A55FA3010B41B77001B095C /* Controllers */,
				3A55FA4110B41BBF001B095C /* Views */,
				3A55FF0410B570D1001B095C /* Smtp */,
				514E9E0C081EC698009B8CD9 /* Importer */,
				2A37F4AEFDCFA73011CA2CEA /* Document.h */,
				2A37F4ACFDCFA73011CA2CEA /* Document.m */,
			);
			path = Classes;
			sourceTree = "<group>";
		};
		2A37F4AFFDCFA73011CA2CEA /* Other Sources */ = {
			isa = PBXGroup;
			children = (
				32DBCF750370BD2300C91783 /* SmtpTestServer_Prefix.pch */,
				2A37F4B0FDCFA73011CA2CEA /* main.m */,
			);
			name = "Other Sources";
			sourceTree = "<group>";
		};
		2A37F4B8FDCFA73011CA2CEA /* Resources */ = {
			isa = PBXGroup;
			children = (
				3ABE08DA10C85004007A2C9D /* Images */,
				2F7446BF0DB6CCE400F9684A /* MainMenu.xib */,
				2F7446C10DB6CCE400F9684A /* MainWindow.xib */,
				3A550DA210BEA398001B095C /* NewServerWindow.xib */,
				2A37F4B9FDCFA73011CA2CEA /* Credits.rtf */,
				8D15AC360486D014006FF6A4 /* Info.plist */,
				089C165FFE840EACC02AAC07 /* InfoPlist.strings */,
				514E9DFA081EBF9C009B8CD9 /* Importer-Info.plist */,
			);
			path = Resources;
			sourceTree = "<group>";
		};
		2A37F4C3FDCFA73011CA2CEA /* Frameworks */ = {
			isa = PBXGroup;
			children = (
				1058C7A6FEA54F5311CA2CBB /* Linked Frameworks */,
				1058C7A8FEA54F5311CA2CBB /* Other Frameworks */,
			);
			name = Frameworks;
			sourceTree = "<group>";
		};
		3A55FA3010B41B77001B095C /* Controllers */ = {
			isa = PBXGroup;
			children = (
				3A550CB310BE7496001B095C /* DocumentController.h */,
				3A550CB410BE7496001B095C /* DocumentController.m */,
				3A55FA4510B41C1D001B095C /* OutlineViewController.h */,
				3A55FA4610B41C1D001B095C /* OutlineViewController.m */,
				3A55FA4810B41C2B001B095C /* TableViewController.h */,
				3A55FA4910B41C2B001B095C /* TableViewController.m */,
				3A55F84110B30ECE001B095C /* WebViewController.h */,
				3A55F84210B30ECE001B095C /* WebViewController.m */,
				3A55FF5110B59DC3001B095C /* ServerController.h */,
				3A55FF5210B59DC3001B095C /* ServerController.m */,
				3A550C0510BC2F6B001B095C /* SegmentController.h */,
				3A550C0610BC2F6B001B095C /* SegmentController.m */,
				3A550D5010BE9F8D001B095C /* MainWindowController.h */,
				3A550D5110BE9F8D001B095C /* MainWindowController.m */,
				3A550D9F10BEA346001B095C /* NewServerWindowController.h */,
				3A550DA010BEA346001B095C /* NewServerWindowController.m */,
				3ABE013510C42ECB007A2C9D /* PreferencesController.h */,
				3ABE013610C42ECB007A2C9D /* PreferencesController.m */,
			);
			path = Controllers;
			sourceTree = "<group>";
		};
		3A55FA4110B41BBF001B095C /* Views */ = {
			isa = PBXGroup;
			children = (
				3ADBCFCD10AC6C63006C9DBE /* CenteredTextFieldCell.h */,
				3ADBCFCE10AC6C63006C9DBE /* CenteredTextFieldCell.m */,
				3A55FD8110B47491001B095C /* OutlineView.h */,
				3A55FD8210B47491001B095C /* OutlineView.m */,
				3A55FCBB10B459FC001B095C /* TableView.h */,
				3A55FCBC10B459FC001B095C /* TableView.m */,
			);
			path = Views;
			sourceTree = "<group>";
		};
		3A55FF0410B570D1001B095C /* Smtp */ = {
			isa = PBXGroup;
			children = (
				3A55FF0510B570F9001B095C /* TcpServer.h */,
				3A55FF0610B570F9001B095C /* TcpServer.m */,
				3A55FF3B10B582C8001B095C /* SmtpServer.h */,
				3A55FF3C10B582C8001B095C /* SmtpServer.m */,
				3A5500B010B6B67E001B095C /* SmtpConnection.h */,
				3A5500B110B6B67E001B095C /* SmtpConnection.m */,
				3A5500B310B6BEA0001B095C /* SmtpSession.h */,
				3A5500B410B6BEA0001B095C /* SmtpSession.m */,
				3A5500B610B6DE96001B095C /* SmtpSessionState.h */,
				3A5500B710B6DE96001B095C /* SmtpSessionState.m */,
			);
			path = Smtp;
			sourceTree = "<group>";
		};
		3ABE08DA10C85004007A2C9D /* Images */ = {
			isa = PBXGroup;
			children = (
				3A550C6B10BC3A3E001B095C /* stop-icon-128.png */,
				3A550C6710BC39EF001B095C /* play-icon-128.png */,
			);
			path = Images;
			sourceTree = "<group>";
		};
		3ADBD00C10AC7C68006C9DBE /* Model */ = {
			isa = PBXGroup;
			children = (
				3ADBD00910AC7C42006C9DBE /* Server.h */,
				3ADBD00A10AC7C42006C9DBE /* Server.m */,
				3ADBCF8410AB168B006C9DBE /* Folder.h */,
				3ADBCF8510AB168B006C9DBE /* Folder.m */,
				3ADBD03710AC814E006C9DBE /* User.h */,
				3ADBD03810AC814E006C9DBE /* User.m */,
				3A55F5FB10ADA9F1001B095C /* Message.h */,
				3A55F5FC10ADA9F1001B095C /* Message.m */,
			);
			path = Model;
			sourceTree = "<group>";
		};
		514E9E0C081EC698009B8CD9 /* Importer */ = {
			isa = PBXGroup;
			children = (
				514E9E11081EC6B8009B8CD9 /* main.c */,
				514E9E10081EC6B8009B8CD9 /* GetMetadataForFile.c */,
			);
			name = Importer;
			path = ../Importer;
			sourceTree = "<group>";
		};
		E1B74B1A0667B4A90069E3BA /* Models */ = {
			isa = PBXGroup;
			children = (
				775BDEF0067A8BF0009058FE /* Document.xcdatamodel */,
			);
			path = Models;
			sourceTree = "<group>";
		};
/* End PBXGroup section */

/* Begin PBXNativeTarget section */
		514E9DF8081EBF9C009B8CD9 /* SmtpTestServer Spotlight Importer */ = {
			isa = PBXNativeTarget;
			buildConfigurationList = 26FC0AC60875C91100E6366F /* Build configuration list for PBXNativeTarget "SmtpTestServer Spotlight Importer" */;
			buildPhases = (
				514E9DF5081EBF9C009B8CD9 /* Resources */,
				514E9DF6081EBF9C009B8CD9 /* Sources */,
				514E9DF7081EBF9C009B8CD9 /* Frameworks */,
			);
			buildRules = (
			);
			dependencies = (
			);
			name = "SmtpTestServer Spotlight Importer";
			productName = "SmtpTestServer Spotlight Importer";
			productReference = 514E9DF9081EBF9C009B8CD9 /* SmtpTestServer.mdimporter */;
			productType = "com.apple.product-type.bundle";
		};
		8D15AC270486D014006FF6A4 /* SmtpTestServer */ = {
			isa = PBXNativeTarget;
			buildConfigurationList = 26FC0ACA0875C91100E6366F /* Build configuration list for PBXNativeTarget "SmtpTestServer" */;
			buildPhases = (
				8D15AC2B0486D014006FF6A4 /* Resources */,
				8D15AC300486D014006FF6A4 /* Sources */,
				8D15AC330486D014006FF6A4 /* Frameworks */,
				514EA07C081ECB3F009B8CD9 /* CopyFiles */,
				3A5505B310BC0E30001B095C /* CopyFiles */,
			);
			buildRules = (
			);
			dependencies = (
				514EA067081EC8BF009B8CD9 /* PBXTargetDependency */,
			);
			name = SmtpTestServer;
			productInstallPath = "$(HOME)/Applications";
			productName = SmtpTestServer;
			productReference = 8D15AC370486D014006FF6A4 /* SmtpTestServer.app */;
			productType = "com.apple.product-type.application";
		};
/* End PBXNativeTarget section */

/* Begin PBXProject section */
		2A37F4A9FDCFA73011CA2CEA /* Project object */ = {
			isa = PBXProject;
			attributes = {
				BuildIndependentTargetsInParallel = YES;
			};
			buildConfigurationList = 26FC0ACE0875C91100E6366F /* Build configuration list for PBXProject "SmtpTestServer" */;
			compatibilityVersion = "Xcode 3.1";
			hasScannedForEncodings = 1;
			mainGroup = 2A37F4AAFDCFA73011CA2CEA /* SmtpTestServer */;
			projectDirPath = "";
			projectRoot = "";
			targets = (
				8D15AC270486D014006FF6A4 /* SmtpTestServer */,
				514E9DF8081EBF9C009B8CD9 /* SmtpTestServer Spotlight Importer */,
			);
		};
/* End PBXProject section */

/* Begin PBXResourcesBuildPhase section */
		514E9DF5081EBF9C009B8CD9 /* Resources */ = {
			isa = PBXResourcesBuildPhase;
			buildActionMask = 2147483647;
			files = (
			);
			runOnlyForDeploymentPostprocessing = 0;
		};
		8D15AC2B0486D014006FF6A4 /* Resources */ = {
			isa = PBXResourcesBuildPhase;
			buildActionMask = 2147483647;
			files = (
				8D15AC2C0486D014006FF6A4 /* Credits.rtf in Resources */,
				8D15AC2F0486D014006FF6A4 /* InfoPlist.strings in Resources */,
				2F7446C30DB6CCE400F9684A /* MainMenu.xib in Resources */,
				2F7446C40DB6CCE400F9684A /* MainWindow.xib in Resources */,
				3A550C6810BC39EF001B095C /* play-icon-128.png in Resources */,
				3A550C6C10BC3A3E001B095C /* stop-icon-128.png in Resources */,
				3A550DA310BEA398001B095C /* NewServerWindow.xib in Resources */,
				3ABE08CD10C84F9B007A2C9D /* Info.plist in Resources */,
			);
			runOnlyForDeploymentPostprocessing = 0;
		};
/* End PBXResourcesBuildPhase section */

/* Begin PBXSourcesBuildPhase section */
		514E9DF6081EBF9C009B8CD9 /* Sources */ = {
			isa = PBXSourcesBuildPhase;
			buildActionMask = 2147483647;
			files = (
				514E9E12081EC6B8009B8CD9 /* GetMetadataForFile.c in Sources */,
				514E9E13081EC6B8009B8CD9 /* main.c in Sources */,
			);
			runOnlyForDeploymentPostprocessing = 0;
		};
		8D15AC300486D014006FF6A4 /* Sources */ = {
			isa = PBXSourcesBuildPhase;
			buildActionMask = 2147483647;
			files = (
				8D15AC310486D014006FF6A4 /* Document.m in Sources */,
				8D15AC320486D014006FF6A4 /* main.m in Sources */,
				775BDEF1067A8BF0009058FE /* Document.xcdatamodel in Sources */,
				3ADBCF8610AB168B006C9DBE /* Folder.m in Sources */,
				3ADBCFCF10AC6C63006C9DBE /* CenteredTextFieldCell.m in Sources */,
				3ADBD00B10AC7C42006C9DBE /* Server.m in Sources */,
				3ADBD03910AC814E006C9DBE /* User.m in Sources */,
				3A55F5FD10ADA9F1001B095C /* Message.m in Sources */,
				3A55F84310B30ECE001B095C /* WebViewController.m in Sources */,
				3A55FA4710B41C1D001B095C /* OutlineViewController.m in Sources */,
				3A55FA4A10B41C2B001B095C /* TableViewController.m in Sources */,
				3A55FCBD10B459FC001B095C /* TableView.m in Sources */,
				3A55FD8310B47491001B095C /* OutlineView.m in Sources */,
				3A55FF0710B570F9001B095C /* TcpServer.m in Sources */,
				3A55FF3D10B582C8001B095C /* SmtpServer.m in Sources */,
				3A55FF5310B59DC3001B095C /* ServerController.m in Sources */,
				3A5500B210B6B67E001B095C /* SmtpConnection.m in Sources */,
				3A5500B510B6BEA0001B095C /* SmtpSession.m in Sources */,
				3A5500B810B6DE96001B095C /* SmtpSessionState.m in Sources */,
				3A550C0710BC2F6B001B095C /* SegmentController.m in Sources */,
				3A550CB510BE7496001B095C /* DocumentController.m in Sources */,
				3A550D5210BE9F8D001B095C /* MainWindowController.m in Sources */,
				3A550DA110BEA346001B095C /* NewServerWindowController.m in Sources */,
				3ABE013710C42ECB007A2C9D /* PreferencesController.m in Sources */,
			);
			runOnlyForDeploymentPostprocessing = 0;
		};
/* End PBXSourcesBuildPhase section */

/* Begin PBXTargetDependency section */
		514EA067081EC8BF009B8CD9 /* PBXTargetDependency */ = {
			isa = PBXTargetDependency;
			target = 514E9DF8081EBF9C009B8CD9 /* SmtpTestServer Spotlight Importer */;
			targetProxy = 514EA066081EC8BF009B8CD9 /* PBXContainerItemProxy */;
		};
/* End PBXTargetDependency section */

/* Begin PBXVariantGroup section */
		089C165FFE840EACC02AAC07 /* InfoPlist.strings */ = {
			isa = PBXVariantGroup;
			children = (
				089C1660FE840EACC02AAC07 /* English */,
			);
			name = InfoPlist.strings;
			sourceTree = "<group>";
		};
		2A37F4B9FDCFA73011CA2CEA /* Credits.rtf */ = {
			isa = PBXVariantGroup;
			children = (
				2A37F4BAFDCFA73011CA2CEA /* English */,
			);
			name = Credits.rtf;
			sourceTree = "<group>";
		};
		2F7446BF0DB6CCE400F9684A /* MainMenu.xib */ = {
			isa = PBXVariantGroup;
			children = (
				2F7446C00DB6CCE400F9684A /* English */,
			);
			name = MainMenu.xib;
			sourceTree = "<group>";
		};
		2F7446C10DB6CCE400F9684A /* MainWindow.xib */ = {
			isa = PBXVariantGroup;
			children = (
				2F7446C20DB6CCE400F9684A /* English */,
			);
			name = MainWindow.xib;
			sourceTree = "<group>";
		};
/* End PBXVariantGroup section */

/* Begin XCBuildConfiguration section */
		26FC0AC70875C91100E6366F /* Debug */ = {
			isa = XCBuildConfiguration;
			buildSettings = {
				COPY_PHASE_STRIP = NO;
				GCC_DYNAMIC_NO_PIC = NO;
				GCC_ENABLE_FIX_AND_CONTINUE = YES;
				GCC_MODEL_TUNING = G5;
				GCC_OPTIMIZATION_LEVEL = 0;
				GCC_PRECOMPILE_PREFIX_HEADER = NO;
				INFOPLIST_FILE = "Importer/Importer-Info.plist";
				INSTALL_PATH = "@executable_path/../Contents/Library/Spotlight";
				LIBRARY_STYLE = BUNDLE;
				PRODUCT_NAME = SmtpTestServer;
				SKIP_INSTALL = YES;
				WRAPPER_EXTENSION = mdimporter;
			};
			name = Debug;
		};
		26FC0AC80875C91100E6366F /* Release */ = {
			isa = XCBuildConfiguration;
			buildSettings = {
				DEBUG_INFORMATION_FORMAT = "dwarf-with-dsym";
				GCC_MODEL_TUNING = G5;
				GCC_PRECOMPILE_PREFIX_HEADER = NO;
				INFOPLIST_FILE = "Importer/Importer-Info.plist";
				INSTALL_PATH = "@executable_path/../Contents/Library/Spotlight";
				LIBRARY_STYLE = BUNDLE;
				PRODUCT_NAME = SmtpTestServer;
				SKIP_INSTALL = YES;
				WRAPPER_EXTENSION = mdimporter;
			};
			name = Release;
		};
		26FC0ACB0875C91100E6366F /* Debug */ = {
			isa = XCBuildConfiguration;
			buildSettings = {
				COPY_PHASE_STRIP = NO;
				FRAMEWORK_SEARCH_PATHS = (
					"$(inherited)",
					"\"/Volumes/EDMessage 17\"",
					"\"$(SRCROOT)\"",
					"\"$(SRCROOT)/../../Desktop/Source/edmessage-17/build/Release\"",
					"\"$(SRCROOT)/../../Desktop/Source/edmessage-17/Dependencies/edcommon/build/Release\"",
					"\"/Volumes/EDCommon 34\"",
					"\"$(SRCROOT)/../../Desktop\"",
				);
				GCC_DYNAMIC_NO_PIC = NO;
				GCC_ENABLE_FIX_AND_CONTINUE = YES;
				GCC_ENABLE_OBJC_EXCEPTIONS = YES;
				GCC_MODEL_TUNING = G5;
				GCC_OPTIMIZATION_LEVEL = 0;
				GCC_PRECOMPILE_PREFIX_HEADER = YES;
				GCC_PREFIX_HEADER = SmtpTestServer_Prefix.pch;
				INFOPLIST_FILE = Info.plist;
				INSTALL_PATH = "$(HOME)/Applications";
				PRODUCT_NAME = SmtpTestServer;
				WRAPPER_EXTENSION = app;
			};
			name = Debug;
		};
		26FC0ACC0875C91100E6366F /* Release */ = {
			isa = XCBuildConfiguration;
			buildSettings = {
				DEBUG_INFORMATION_FORMAT = "dwarf-with-dsym";
				FRAMEWORK_SEARCH_PATHS = (
					"$(inherited)",
					"\"/Volumes/EDMessage 17\"",
					"\"$(SRCROOT)\"",
					"\"$(SRCROOT)/../../Desktop/Source/edmessage-17/build/Release\"",
					"\"$(SRCROOT)/../../Desktop/Source/edmessage-17/Dependencies/edcommon/build/Release\"",
					"\"/Volumes/EDCommon 34\"",
					"\"$(SRCROOT)/../../Desktop\"",
				);
				GCC_ENABLE_OBJC_EXCEPTIONS = YES;
				GCC_MODEL_TUNING = G5;
				GCC_PRECOMPILE_PREFIX_HEADER = YES;
				GCC_PREFIX_HEADER = SmtpTestServer_Prefix.pch;
				INFOPLIST_FILE = Info.plist;
				INSTALL_PATH = "$(HOME)/Applications";
				PRODUCT_NAME = SmtpTestServer;
				WRAPPER_EXTENSION = app;
			};
			name = Release;
		};
		26FC0ACF0875C91100E6366F /* Debug */ = {
			isa = XCBuildConfiguration;
			buildSettings = {
				ARCHS = "$(ARCHS_STANDARD_32_BIT)";
				GCC_C_LANGUAGE_STANDARD = c99;
				GCC_ENABLE_OBJC_GC = required;
				GCC_WARN_ABOUT_RETURN_TYPE = YES;
				GCC_WARN_UNUSED_VARIABLE = YES;
				ONLY_ACTIVE_ARCH = YES;
				PREBINDING = NO;
				SDKROOT = macosx10.5;
			};
			name = Debug;
		};
		26FC0AD00875C91100E6366F /* Release */ = {
			isa = XCBuildConfiguration;
			buildSettings = {
				ARCHS = "$(ARCHS_STANDARD_32_BIT)";
				GCC_C_LANGUAGE_STANDARD = c99;
				GCC_ENABLE_OBJC_GC = required;
				GCC_WARN_ABOUT_RETURN_TYPE = YES;
				GCC_WARN_UNUSED_VARIABLE = YES;
				PREBINDING = NO;
				SDKROOT = macosx10.5;
			};
			name = Release;
		};
/* End XCBuildConfiguration section */

/* Begin XCConfigurationList section */
		26FC0AC60875C91100E6366F /* Build configuration list for PBXNativeTarget "SmtpTestServer Spotlight Importer" */ = {
			isa = XCConfigurationList;
			buildConfigurations = (
				26FC0AC70875C91100E6366F /* Debug */,
				26FC0AC80875C91100E6366F /* Release */,
			);
			defaultConfigurationIsVisible = 0;
			defaultConfigurationName = Release;
		};
		26FC0ACA0875C91100E6366F /* Build configuration list for PBXNativeTarget "SmtpTestServer" */ = {
			isa = XCConfigurationList;
			buildConfigurations = (
				26FC0ACB0875C91100E6366F /* Debug */,
				26FC0ACC0875C91100E6366F /* Release */,
			);
			defaultConfigurationIsVisible = 0;
			defaultConfigurationName = Release;
		};
		26FC0ACE0875C91100E6366F /* Build configuration list for PBXProject "SmtpTestServer" */ = {
			isa = XCConfigurationList;
			buildConfigurations = (
				26FC0ACF0875C91100E6366F /* Debug */,
				26FC0AD00875C91100E6366F /* Release */,
			);
			defaultConfigurationIsVisible = 0;
			defaultConfigurationName = Release;
		};
/* End XCConfigurationList section */
	};
	rootObject = 2A37F4A9FDCFA73011CA2CEA /* Project object */;
}
